// !$*UTF8*$!
{
	archiveVersion = 1;
	classes = {
	};
	objectVersion = 50;
	objects = {

/* Begin PBXBuildFile section */
		1F1298E922021B12A5C71EE7 /* libPods-GameOfRunes.a in Frameworks */ = {isa = PBXBuildFile; fileRef = 92961C070B809EAFEA8C678A /* libPods-GameOfRunes.a */; };
		4A8F0AA824191BBF00CD730B /* PlayerAreaNode.swift in Sources */ = {isa = PBXBuildFile; fileRef = 4A8F0AA724191BBF00CD730B /* PlayerAreaNode.swift */; };
		4AA508C22415766A00D9ADE4 /* HVD_Comic_Serif_Pro.otf in Resources */ = {isa = PBXBuildFile; fileRef = 4AA508C12415762800D9ADE4 /* HVD_Comic_Serif_Pro.otf */; };
		4AA508C82415E0FF00D9ADE4 /* Dragon Fire.ttf in Resources */ = {isa = PBXBuildFile; fileRef = 4AA508C72415E0FF00D9ADE4 /* Dragon Fire.ttf */; };
		4AA508CB2416170600D9ADE4 /* ArenaType.swift in Sources */ = {isa = PBXBuildFile; fileRef = 4AA508CA2416170600D9ADE4 /* ArenaType.swift */; };
		4AA508CD24161A1900D9ADE4 /* EnemyType.swift in Sources */ = {isa = PBXBuildFile; fileRef = 4AA508CC24161A1900D9ADE4 /* EnemyType.swift */; };
		4AA508CF24161EFA00D9ADE4 /* MoveComponent.swift in Sources */ = {isa = PBXBuildFile; fileRef = 4AA508CE24161EFA00D9ADE4 /* MoveComponent.swift */; };
		4AA508D224161F3200D9ADE4 /* MoveBehavior.swift in Sources */ = {isa = PBXBuildFile; fileRef = 4AA508D124161F3200D9ADE4 /* MoveBehavior.swift */; };
		4AA508D5241622B900D9ADE4 /* GKAgent2D+typeConversionHelpers.swift in Sources */ = {isa = PBXBuildFile; fileRef = 4AA508D4241622B900D9ADE4 /* GKAgent2D+typeConversionHelpers.swift */; };
		4AA5B360241646DF008D4953 /* EndPointEntity.swift in Sources */ = {isa = PBXBuildFile; fileRef = 4AA5B35F241646DF008D4953 /* EndPointEntity.swift */; };
		4AA5B36224164FC9008D4953 /* Team.swift in Sources */ = {isa = PBXBuildFile; fileRef = 4AA5B36124164FC9008D4953 /* Team.swift */; };
		4AA5B364241650A1008D4953 /* TeamComponent.swift in Sources */ = {isa = PBXBuildFile; fileRef = 4AA5B363241650A1008D4953 /* TeamComponent.swift */; };
		4AA5B36624165601008D4953 /* CGPoint+pointManipulationHelpers.swift in Sources */ = {isa = PBXBuildFile; fileRef = 4AA5B36524165601008D4953 /* CGPoint+pointManipulationHelpers.swift */; };
		4AA5B3722416BB6B008D4953 /* HealthBarNode.swift in Sources */ = {isa = PBXBuildFile; fileRef = 4AA5B3712416BB6B008D4953 /* HealthBarNode.swift */; };
		4AA5B3742416BF5E008D4953 /* HealthNode.swift in Sources */ = {isa = PBXBuildFile; fileRef = 4AA5B3732416BF5E008D4953 /* HealthNode.swift */; };
		4AA5B3762416C6BB008D4953 /* CGSize+resizeHelpers.swift in Sources */ = {isa = PBXBuildFile; fileRef = 4AA5B3752416C6BB008D4953 /* CGSize+resizeHelpers.swift */; };
		4AA5B3782416CE7B008D4953 /* CGVector+vectorManipulationHelpers.swift in Sources */ = {isa = PBXBuildFile; fileRef = 4AA5B3772416CE7B008D4953 /* CGVector+vectorManipulationHelpers.swift */; };
		4AA5B37A2417625D008D4953 /* ManaBarNode.swift in Sources */ = {isa = PBXBuildFile; fileRef = 4AA5B3792417625D008D4953 /* ManaBarNode.swift */; };
		4AA5B37C241769C4008D4953 /* ProgressBarNode.swift in Sources */ = {isa = PBXBuildFile; fileRef = 4AA5B37B241769C4008D4953 /* ProgressBarNode.swift */; };
		4AA5B37E24176D00008D4953 /* UIColor+hexColorCodeInitializer.swift in Sources */ = {isa = PBXBuildFile; fileRef = 4AA5B37D24176D00008D4953 /* UIColor+hexColorCodeInitializer.swift */; };
		4AA5B3802417879C008D4953 /* Assets.xcassets in Resources */ = {isa = PBXBuildFile; fileRef = 4AA5B37F2417879B008D4953 /* Assets.xcassets */; };
		4AA5B3822417B8D7008D4953 /* BarDividerNode.swift in Sources */ = {isa = PBXBuildFile; fileRef = 4AA5B3812417B8D7008D4953 /* BarDividerNode.swift */; };
		4AA5B3842417BA71008D4953 /* SKSpriteNode+addGlow.swift in Sources */ = {isa = PBXBuildFile; fileRef = 4AA5B3832417BA71008D4953 /* SKSpriteNode+addGlow.swift */; };
		4AC87A482419ED4200D79639 /* click1.mp3 in Resources */ = {isa = PBXBuildFile; fileRef = 4AC87A452419ED4100D79639 /* click1.mp3 */; };
		4AC87A492419ED4200D79639 /* click3.mp3 in Resources */ = {isa = PBXBuildFile; fileRef = 4AC87A462419ED4200D79639 /* click3.mp3 */; };
		4AC87A4A2419ED4200D79639 /* Lion King Eldigan.mp3 in Resources */ = {isa = PBXBuildFile; fileRef = 4AC87A472419ED4200D79639 /* Lion King Eldigan.mp3 */; };
		4AC87A4C241A3EB100D79639 /* PowerUpType.swift in Sources */ = {isa = PBXBuildFile; fileRef = 4AC87A4B241A3EB100D79639 /* PowerUpType.swift */; };
		4AC87A4E241AC12700D79639 /* PowerUpNode.swift in Sources */ = {isa = PBXBuildFile; fileRef = 4AC87A4D241AC12700D79639 /* PowerUpNode.swift */; };
		4ACC8BA92414C69800F235AE /* AppDelegate.swift in Sources */ = {isa = PBXBuildFile; fileRef = 4ACC8BA82414C69800F235AE /* AppDelegate.swift */; };
		4ACC8BB12414C69800F235AE /* GameViewController.swift in Sources */ = {isa = PBXBuildFile; fileRef = 4ACC8BB02414C69800F235AE /* GameViewController.swift */; };
		4ACC8BB42414C69800F235AE /* Main.storyboard in Resources */ = {isa = PBXBuildFile; fileRef = 4ACC8BB22414C69800F235AE /* Main.storyboard */; };
		4ACC8BB92414C69B00F235AE /* LaunchScreen.storyboard in Resources */ = {isa = PBXBuildFile; fileRef = 4ACC8BB72414C69B00F235AE /* LaunchScreen.storyboard */; };
		4ACC8BC42414C69B00F235AE /* GameOfRunesTests.swift in Sources */ = {isa = PBXBuildFile; fileRef = 4ACC8BC32414C69B00F235AE /* GameOfRunesTests.swift */; };
		4ACC8BD22414D57900F235AE /* SpriteComponent.swift in Sources */ = {isa = PBXBuildFile; fileRef = 4ACC8BD12414D57900F235AE /* SpriteComponent.swift */; };
		4ACC8BD42414D71100F235AE /* EnemyEntity.swift in Sources */ = {isa = PBXBuildFile; fileRef = 4ACC8BD32414D71100F235AE /* EnemyEntity.swift */; };
		4ACC8BD62414D79F00F235AE /* GameEngine.swift in Sources */ = {isa = PBXBuildFile; fileRef = 4ACC8BD52414D79F00F235AE /* GameEngine.swift */; };
		4ACC8BDA2415322400F235AE /* HealthComponent.swift in Sources */ = {isa = PBXBuildFile; fileRef = 4ACC8BD92415322400F235AE /* HealthComponent.swift */; };
		4ACC8BDC2415323800F235AE /* PlayerHealthEntity.swift in Sources */ = {isa = PBXBuildFile; fileRef = 4ACC8BDB2415323800F235AE /* PlayerHealthEntity.swift */; };
		4ACC8BDE2415324400F235AE /* ManaComponent.swift in Sources */ = {isa = PBXBuildFile; fileRef = 4ACC8BDD2415324400F235AE /* ManaComponent.swift */; };
		4ACC8BE02415325200F235AE /* PlayerManaEntity.swift in Sources */ = {isa = PBXBuildFile; fileRef = 4ACC8BDF2415325200F235AE /* PlayerManaEntity.swift */; };
		563F3DED24171B4A009381B9 /* GameScene.swift in Sources */ = {isa = PBXBuildFile; fileRef = 563F3DEC24171B49009381B9 /* GameScene.swift */; };
		566121D9241682DD00475CE1 /* DBPathRecognizer.swift in Sources */ = {isa = PBXBuildFile; fileRef = 566121D8241682DD00475CE1 /* DBPathRecognizer.swift */; };
		566121DB2416838000475CE1 /* CustomGestures.swift in Sources */ = {isa = PBXBuildFile; fileRef = 566121DA2416838000475CE1 /* CustomGestures.swift */; };
		566121DD24168ADC00475CE1 /* GestureComponent.swift in Sources */ = {isa = PBXBuildFile; fileRef = 566121DC24168ADC00475CE1 /* GestureComponent.swift */; };
		56E82D6E2417E7B7009172C6 /* GestureNode.swift in Sources */ = {isa = PBXBuildFile; fileRef = 56E82D6D2417E7B7009172C6 /* GestureNode.swift */; };
		56E82D702417E9D2009172C6 /* GameplayConfiguration.swift in Sources */ = {isa = PBXBuildFile; fileRef = 56E82D6F2417E9D2009172C6 /* GameplayConfiguration.swift */; };
		8A5CE9B624187C1A00BEC4B9 /* GameInPlayState.swift in Sources */ = {isa = PBXBuildFile; fileRef = 8A5CE9B524187C1A00BEC4B9 /* GameInPlayState.swift */; };
		8A5CE9B824187EBB00BEC4B9 /* GameStartState.swift in Sources */ = {isa = PBXBuildFile; fileRef = 8A5CE9B724187EBA00BEC4B9 /* GameStartState.swift */; };
		8A5CE9BA24187ED300BEC4B9 /* GamePauseState.swift in Sources */ = {isa = PBXBuildFile; fileRef = 8A5CE9B924187ED300BEC4B9 /* GamePauseState.swift */; };
		8A5CE9BC24187EE600BEC4B9 /* GameEndState.swift in Sources */ = {isa = PBXBuildFile; fileRef = 8A5CE9BB24187EE600BEC4B9 /* GameEndState.swift */; };
		8A5CE9BE24187F2300BEC4B9 /* SceneManager.swift in Sources */ = {isa = PBXBuildFile; fileRef = 8A5CE9BD24187F2300BEC4B9 /* SceneManager.swift */; };
		8A5CE9C52418874E00BEC4B9 /* GamePauseScene.swift in Sources */ = {isa = PBXBuildFile; fileRef = 8A5CE9C42418874E00BEC4B9 /* GamePauseScene.swift */; };
		8A5CE9C72418893B00BEC4B9 /* ButtonNode.swift in Sources */ = {isa = PBXBuildFile; fileRef = 8A5CE9C62418893B00BEC4B9 /* ButtonNode.swift */; };
		8A5CE9C924189AC800BEC4B9 /* GameEndScene.swift in Sources */ = {isa = PBXBuildFile; fileRef = 8A5CE9C824189AC800BEC4B9 /* GameEndScene.swift */; };
		8A5CE9CB24189FF700BEC4B9 /* GameStateMachine.swift in Sources */ = {isa = PBXBuildFile; fileRef = 8A5CE9CA24189FF700BEC4B9 /* GameStateMachine.swift */; };
		8AAADE4B24191D8D00606298 /* ButtonNodeResponderType.swift in Sources */ = {isa = PBXBuildFile; fileRef = 8AAADE4A24191D8D00606298 /* ButtonNodeResponderType.swift */; };
		C6AFF67B2419101B0076F02B /* GestureEntity.swift in Sources */ = {isa = PBXBuildFile; fileRef = C6AFF67A2419101B0076F02B /* GestureEntity.swift */; };
		C6AFF67E24191A2A0076F02B /* SystemManager.swift in Sources */ = {isa = PBXBuildFile; fileRef = C6AFF67D24191A2A0076F02B /* SystemManager.swift */; };
		C6AFF681241923410076F02B /* RemoveDelegate.swift in Sources */ = {isa = PBXBuildFile; fileRef = C6AFF680241923410076F02B /* RemoveDelegate.swift */; };
		C6AFF683241A5FC40076F02B /* GameMetaData.swift in Sources */ = {isa = PBXBuildFile; fileRef = C6AFF682241A5FC40076F02B /* GameMetaData.swift */; };
		C6AFF685241A61650076F02B /* HealthSystem.swift in Sources */ = {isa = PBXBuildFile; fileRef = C6AFF684241A61650076F02B /* HealthSystem.swift */; };
		C6AFF687241A66360076F02B /* System.swift in Sources */ = {isa = PBXBuildFile; fileRef = C6AFF686241A66360076F02B /* System.swift */; };
		C6AFF689241A67430076F02B /* ManaSystem.swift in Sources */ = {isa = PBXBuildFile; fileRef = C6AFF688241A67430076F02B /* ManaSystem.swift */; };
		C6AFF68B241A674A0076F02B /* MoveSystem.swift in Sources */ = {isa = PBXBuildFile; fileRef = C6AFF68A241A674A0076F02B /* MoveSystem.swift */; };
		C6AFF68D241A7A530076F02B /* SpriteSystem.swift in Sources */ = {isa = PBXBuildFile; fileRef = C6AFF68C241A7A530076F02B /* SpriteSystem.swift */; };
/* End PBXBuildFile section */

/* Begin PBXContainerItemProxy section */
		4ACC8BC02414C69B00F235AE /* PBXContainerItemProxy */ = {
			isa = PBXContainerItemProxy;
			containerPortal = 4ACC8B9D2414C69800F235AE /* Project object */;
			proxyType = 1;
			remoteGlobalIDString = 4ACC8BA42414C69800F235AE;
			remoteInfo = GameOfRunes;
		};
/* End PBXContainerItemProxy section */

/* Begin PBXFileReference section */
		4A8F0AA724191BBF00CD730B /* PlayerAreaNode.swift */ = {isa = PBXFileReference; lastKnownFileType = sourcecode.swift; path = PlayerAreaNode.swift; sourceTree = "<group>"; };
		4AA508C12415762800D9ADE4 /* HVD_Comic_Serif_Pro.otf */ = {isa = PBXFileReference; lastKnownFileType = file; path = HVD_Comic_Serif_Pro.otf; sourceTree = "<group>"; };
		4AA508C72415E0FF00D9ADE4 /* Dragon Fire.ttf */ = {isa = PBXFileReference; lastKnownFileType = file; path = "Dragon Fire.ttf"; sourceTree = "<group>"; };
		4AA508CA2416170600D9ADE4 /* ArenaType.swift */ = {isa = PBXFileReference; lastKnownFileType = sourcecode.swift; path = ArenaType.swift; sourceTree = "<group>"; };
		4AA508CC24161A1900D9ADE4 /* EnemyType.swift */ = {isa = PBXFileReference; lastKnownFileType = sourcecode.swift; path = EnemyType.swift; sourceTree = "<group>"; };
		4AA508CE24161EFA00D9ADE4 /* MoveComponent.swift */ = {isa = PBXFileReference; lastKnownFileType = sourcecode.swift; path = MoveComponent.swift; sourceTree = "<group>"; };
		4AA508D124161F3200D9ADE4 /* MoveBehavior.swift */ = {isa = PBXFileReference; lastKnownFileType = sourcecode.swift; path = MoveBehavior.swift; sourceTree = "<group>"; };
		4AA508D4241622B900D9ADE4 /* GKAgent2D+typeConversionHelpers.swift */ = {isa = PBXFileReference; lastKnownFileType = sourcecode.swift; path = "GKAgent2D+typeConversionHelpers.swift"; sourceTree = "<group>"; };
		4AA5B35F241646DF008D4953 /* EndPointEntity.swift */ = {isa = PBXFileReference; lastKnownFileType = sourcecode.swift; path = EndPointEntity.swift; sourceTree = "<group>"; };
		4AA5B36124164FC9008D4953 /* Team.swift */ = {isa = PBXFileReference; lastKnownFileType = sourcecode.swift; path = Team.swift; sourceTree = "<group>"; };
		4AA5B363241650A1008D4953 /* TeamComponent.swift */ = {isa = PBXFileReference; lastKnownFileType = sourcecode.swift; path = TeamComponent.swift; sourceTree = "<group>"; };
		4AA5B36524165601008D4953 /* CGPoint+pointManipulationHelpers.swift */ = {isa = PBXFileReference; lastKnownFileType = sourcecode.swift; path = "CGPoint+pointManipulationHelpers.swift"; sourceTree = "<group>"; };
		4AA5B3712416BB6B008D4953 /* HealthBarNode.swift */ = {isa = PBXFileReference; lastKnownFileType = sourcecode.swift; path = HealthBarNode.swift; sourceTree = "<group>"; };
		4AA5B3732416BF5E008D4953 /* HealthNode.swift */ = {isa = PBXFileReference; lastKnownFileType = sourcecode.swift; path = HealthNode.swift; sourceTree = "<group>"; };
		4AA5B3752416C6BB008D4953 /* CGSize+resizeHelpers.swift */ = {isa = PBXFileReference; lastKnownFileType = sourcecode.swift; path = "CGSize+resizeHelpers.swift"; sourceTree = "<group>"; };
		4AA5B3772416CE7B008D4953 /* CGVector+vectorManipulationHelpers.swift */ = {isa = PBXFileReference; lastKnownFileType = sourcecode.swift; path = "CGVector+vectorManipulationHelpers.swift"; sourceTree = "<group>"; };
		4AA5B3792417625D008D4953 /* ManaBarNode.swift */ = {isa = PBXFileReference; lastKnownFileType = sourcecode.swift; path = ManaBarNode.swift; sourceTree = "<group>"; };
		4AA5B37B241769C4008D4953 /* ProgressBarNode.swift */ = {isa = PBXFileReference; lastKnownFileType = sourcecode.swift; path = ProgressBarNode.swift; sourceTree = "<group>"; };
		4AA5B37D24176D00008D4953 /* UIColor+hexColorCodeInitializer.swift */ = {isa = PBXFileReference; lastKnownFileType = sourcecode.swift; path = "UIColor+hexColorCodeInitializer.swift"; sourceTree = "<group>"; };
		4AA5B37F2417879B008D4953 /* Assets.xcassets */ = {isa = PBXFileReference; lastKnownFileType = folder.assetcatalog; path = Assets.xcassets; sourceTree = "<group>"; };
		4AA5B3812417B8D7008D4953 /* BarDividerNode.swift */ = {isa = PBXFileReference; lastKnownFileType = sourcecode.swift; path = BarDividerNode.swift; sourceTree = "<group>"; };
		4AA5B3832417BA71008D4953 /* SKSpriteNode+addGlow.swift */ = {isa = PBXFileReference; lastKnownFileType = sourcecode.swift; path = "SKSpriteNode+addGlow.swift"; sourceTree = "<group>"; };
		4AC87A452419ED4100D79639 /* click1.mp3 */ = {isa = PBXFileReference; lastKnownFileType = audio.mp3; path = click1.mp3; sourceTree = "<group>"; };
		4AC87A462419ED4200D79639 /* click3.mp3 */ = {isa = PBXFileReference; lastKnownFileType = audio.mp3; path = click3.mp3; sourceTree = "<group>"; };
		4AC87A472419ED4200D79639 /* Lion King Eldigan.mp3 */ = {isa = PBXFileReference; lastKnownFileType = audio.mp3; path = "Lion King Eldigan.mp3"; sourceTree = "<group>"; };
		4AC87A4B241A3EB100D79639 /* PowerUpType.swift */ = {isa = PBXFileReference; lastKnownFileType = sourcecode.swift; path = PowerUpType.swift; sourceTree = "<group>"; };
		4AC87A4D241AC12700D79639 /* PowerUpNode.swift */ = {isa = PBXFileReference; lastKnownFileType = sourcecode.swift; path = PowerUpNode.swift; sourceTree = "<group>"; };
		4ACC8BA52414C69800F235AE /* GameOfRunes.app */ = {isa = PBXFileReference; explicitFileType = wrapper.application; includeInIndex = 0; path = GameOfRunes.app; sourceTree = BUILT_PRODUCTS_DIR; };
		4ACC8BA82414C69800F235AE /* AppDelegate.swift */ = {isa = PBXFileReference; lastKnownFileType = sourcecode.swift; path = AppDelegate.swift; sourceTree = "<group>"; };
		4ACC8BB02414C69800F235AE /* GameViewController.swift */ = {isa = PBXFileReference; lastKnownFileType = sourcecode.swift; path = GameViewController.swift; sourceTree = "<group>"; };
		4ACC8BB32414C69800F235AE /* Base */ = {isa = PBXFileReference; lastKnownFileType = file.storyboard; name = Base; path = Base.lproj/Main.storyboard; sourceTree = "<group>"; };
		4ACC8BB82414C69B00F235AE /* Base */ = {isa = PBXFileReference; lastKnownFileType = file.storyboard; name = Base; path = Base.lproj/LaunchScreen.storyboard; sourceTree = "<group>"; };
		4ACC8BBA2414C69B00F235AE /* Info.plist */ = {isa = PBXFileReference; lastKnownFileType = text.plist.xml; path = Info.plist; sourceTree = "<group>"; };
		4ACC8BBF2414C69B00F235AE /* GameOfRunesTests.xctest */ = {isa = PBXFileReference; explicitFileType = wrapper.cfbundle; includeInIndex = 0; path = GameOfRunesTests.xctest; sourceTree = BUILT_PRODUCTS_DIR; };
		4ACC8BC32414C69B00F235AE /* GameOfRunesTests.swift */ = {isa = PBXFileReference; lastKnownFileType = sourcecode.swift; path = GameOfRunesTests.swift; sourceTree = "<group>"; };
		4ACC8BC52414C69B00F235AE /* Info.plist */ = {isa = PBXFileReference; lastKnownFileType = text.plist.xml; path = Info.plist; sourceTree = "<group>"; };
		4ACC8BD12414D57900F235AE /* SpriteComponent.swift */ = {isa = PBXFileReference; lastKnownFileType = sourcecode.swift; path = SpriteComponent.swift; sourceTree = "<group>"; };
		4ACC8BD32414D71100F235AE /* EnemyEntity.swift */ = {isa = PBXFileReference; lastKnownFileType = sourcecode.swift; path = EnemyEntity.swift; sourceTree = "<group>"; };
		4ACC8BD52414D79F00F235AE /* GameEngine.swift */ = {isa = PBXFileReference; lastKnownFileType = sourcecode.swift; path = GameEngine.swift; sourceTree = "<group>"; };
		4ACC8BD92415322400F235AE /* HealthComponent.swift */ = {isa = PBXFileReference; lastKnownFileType = sourcecode.swift; path = HealthComponent.swift; sourceTree = "<group>"; };
		4ACC8BDB2415323800F235AE /* PlayerHealthEntity.swift */ = {isa = PBXFileReference; lastKnownFileType = sourcecode.swift; path = PlayerHealthEntity.swift; sourceTree = "<group>"; };
		4ACC8BDD2415324400F235AE /* ManaComponent.swift */ = {isa = PBXFileReference; lastKnownFileType = sourcecode.swift; path = ManaComponent.swift; sourceTree = "<group>"; };
		4ACC8BDF2415325200F235AE /* PlayerManaEntity.swift */ = {isa = PBXFileReference; lastKnownFileType = sourcecode.swift; path = PlayerManaEntity.swift; sourceTree = "<group>"; };
		563F3DEC24171B49009381B9 /* GameScene.swift */ = {isa = PBXFileReference; fileEncoding = 4; lastKnownFileType = sourcecode.swift; path = GameScene.swift; sourceTree = "<group>"; };
		566121D8241682DD00475CE1 /* DBPathRecognizer.swift */ = {isa = PBXFileReference; lastKnownFileType = sourcecode.swift; path = DBPathRecognizer.swift; sourceTree = "<group>"; };
		566121DA2416838000475CE1 /* CustomGestures.swift */ = {isa = PBXFileReference; lastKnownFileType = sourcecode.swift; path = CustomGestures.swift; sourceTree = "<group>"; };
		566121DC24168ADC00475CE1 /* GestureComponent.swift */ = {isa = PBXFileReference; lastKnownFileType = sourcecode.swift; path = GestureComponent.swift; sourceTree = "<group>"; };
		56E82D6D2417E7B7009172C6 /* GestureNode.swift */ = {isa = PBXFileReference; lastKnownFileType = sourcecode.swift; path = GestureNode.swift; sourceTree = "<group>"; };
		56E82D6F2417E9D2009172C6 /* GameplayConfiguration.swift */ = {isa = PBXFileReference; lastKnownFileType = sourcecode.swift; path = GameplayConfiguration.swift; sourceTree = "<group>"; };
		8A5CE9B524187C1A00BEC4B9 /* GameInPlayState.swift */ = {isa = PBXFileReference; lastKnownFileType = sourcecode.swift; path = GameInPlayState.swift; sourceTree = "<group>"; };
		8A5CE9B724187EBA00BEC4B9 /* GameStartState.swift */ = {isa = PBXFileReference; lastKnownFileType = sourcecode.swift; path = GameStartState.swift; sourceTree = "<group>"; };
		8A5CE9B924187ED300BEC4B9 /* GamePauseState.swift */ = {isa = PBXFileReference; lastKnownFileType = sourcecode.swift; path = GamePauseState.swift; sourceTree = "<group>"; };
		8A5CE9BB24187EE600BEC4B9 /* GameEndState.swift */ = {isa = PBXFileReference; lastKnownFileType = sourcecode.swift; path = GameEndState.swift; sourceTree = "<group>"; };
		8A5CE9BD24187F2300BEC4B9 /* SceneManager.swift */ = {isa = PBXFileReference; lastKnownFileType = sourcecode.swift; path = SceneManager.swift; sourceTree = "<group>"; };
		8A5CE9C42418874E00BEC4B9 /* GamePauseScene.swift */ = {isa = PBXFileReference; lastKnownFileType = sourcecode.swift; path = GamePauseScene.swift; sourceTree = "<group>"; };
		8A5CE9C62418893B00BEC4B9 /* ButtonNode.swift */ = {isa = PBXFileReference; lastKnownFileType = sourcecode.swift; path = ButtonNode.swift; sourceTree = "<group>"; };
		8A5CE9C824189AC800BEC4B9 /* GameEndScene.swift */ = {isa = PBXFileReference; lastKnownFileType = sourcecode.swift; path = GameEndScene.swift; sourceTree = "<group>"; };
		8A5CE9CA24189FF700BEC4B9 /* GameStateMachine.swift */ = {isa = PBXFileReference; lastKnownFileType = sourcecode.swift; path = GameStateMachine.swift; sourceTree = "<group>"; };
		8AAADE4A24191D8D00606298 /* ButtonNodeResponderType.swift */ = {isa = PBXFileReference; lastKnownFileType = sourcecode.swift; path = ButtonNodeResponderType.swift; sourceTree = "<group>"; };
		92961C070B809EAFEA8C678A /* libPods-GameOfRunes.a */ = {isa = PBXFileReference; explicitFileType = archive.ar; includeInIndex = 0; path = "libPods-GameOfRunes.a"; sourceTree = BUILT_PRODUCTS_DIR; };
		9C9A0713B30729DD96A75248 /* Pods-GameOfRunes.debug.xcconfig */ = {isa = PBXFileReference; includeInIndex = 1; lastKnownFileType = text.xcconfig; name = "Pods-GameOfRunes.debug.xcconfig"; path = "Target Support Files/Pods-GameOfRunes/Pods-GameOfRunes.debug.xcconfig"; sourceTree = "<group>"; };
		A285CDA71199A45E87E61E24 /* Pods-GameOfRunes.release.xcconfig */ = {isa = PBXFileReference; includeInIndex = 1; lastKnownFileType = text.xcconfig; name = "Pods-GameOfRunes.release.xcconfig"; path = "Target Support Files/Pods-GameOfRunes/Pods-GameOfRunes.release.xcconfig"; sourceTree = "<group>"; };
		C6AFF67A2419101B0076F02B /* GestureEntity.swift */ = {isa = PBXFileReference; lastKnownFileType = sourcecode.swift; path = GestureEntity.swift; sourceTree = "<group>"; };
		C6AFF67D24191A2A0076F02B /* SystemManager.swift */ = {isa = PBXFileReference; lastKnownFileType = sourcecode.swift; path = SystemManager.swift; sourceTree = "<group>"; };
		C6AFF680241923410076F02B /* RemoveDelegate.swift */ = {isa = PBXFileReference; lastKnownFileType = sourcecode.swift; path = RemoveDelegate.swift; sourceTree = "<group>"; };
		C6AFF682241A5FC40076F02B /* GameMetaData.swift */ = {isa = PBXFileReference; lastKnownFileType = sourcecode.swift; path = GameMetaData.swift; sourceTree = "<group>"; };
		C6AFF684241A61650076F02B /* HealthSystem.swift */ = {isa = PBXFileReference; lastKnownFileType = sourcecode.swift; path = HealthSystem.swift; sourceTree = "<group>"; };
		C6AFF686241A66360076F02B /* System.swift */ = {isa = PBXFileReference; lastKnownFileType = sourcecode.swift; path = System.swift; sourceTree = "<group>"; };
		C6AFF688241A67430076F02B /* ManaSystem.swift */ = {isa = PBXFileReference; lastKnownFileType = sourcecode.swift; path = ManaSystem.swift; sourceTree = "<group>"; };
		C6AFF68A241A674A0076F02B /* MoveSystem.swift */ = {isa = PBXFileReference; lastKnownFileType = sourcecode.swift; path = MoveSystem.swift; sourceTree = "<group>"; };
		C6AFF68C241A7A530076F02B /* SpriteSystem.swift */ = {isa = PBXFileReference; lastKnownFileType = sourcecode.swift; path = SpriteSystem.swift; sourceTree = "<group>"; };
/* End PBXFileReference section */

/* Begin PBXFrameworksBuildPhase section */
		4ACC8BA22414C69800F235AE /* Frameworks */ = {
			isa = PBXFrameworksBuildPhase;
			buildActionMask = 2147483647;
			files = (
				1F1298E922021B12A5C71EE7 /* libPods-GameOfRunes.a in Frameworks */,
			);
			runOnlyForDeploymentPostprocessing = 0;
		};
		4ACC8BBC2414C69B00F235AE /* Frameworks */ = {
			isa = PBXFrameworksBuildPhase;
			buildActionMask = 2147483647;
			files = (
			);
			runOnlyForDeploymentPostprocessing = 0;
		};
/* End PBXFrameworksBuildPhase section */

/* Begin PBXGroup section */
		4A8F0AA624191B6D00CD730B /* Player Area */ = {
			isa = PBXGroup;
			children = (
				4A8F0AA724191BBF00CD730B /* PlayerAreaNode.swift */,
				4AA5B3712416BB6B008D4953 /* HealthBarNode.swift */,
				4AA5B3732416BF5E008D4953 /* HealthNode.swift */,
				4AA5B3792417625D008D4953 /* ManaBarNode.swift */,
				4AA5B37B241769C4008D4953 /* ProgressBarNode.swift */,
				4AA5B3812417B8D7008D4953 /* BarDividerNode.swift */,
				4AC87A4D241AC12700D79639 /* PowerUpNode.swift */,
			);
			path = "Player Area";
			sourceTree = "<group>";
		};
		4AA508C62415E0EC00D9ADE4 /* Fonts */ = {
			isa = PBXGroup;
			children = (
				4AA508C12415762800D9ADE4 /* HVD_Comic_Serif_Pro.otf */,
				4AA508C72415E0FF00D9ADE4 /* Dragon Fire.ttf */,
			);
			path = Fonts;
			sourceTree = "<group>";
		};
		4AA508C9241614D500D9ADE4 /* Types */ = {
			isa = PBXGroup;
			children = (
				4AA508CA2416170600D9ADE4 /* ArenaType.swift */,
				4AA508CC24161A1900D9ADE4 /* EnemyType.swift */,
				4AC87A4B241A3EB100D79639 /* PowerUpType.swift */,
				4AA5B36124164FC9008D4953 /* Team.swift */,
			);
			path = Types;
			sourceTree = "<group>";
		};
		4AA508D024161F1300D9ADE4 /* MoveComponent */ = {
			isa = PBXGroup;
			children = (
				4AA508CE24161EFA00D9ADE4 /* MoveComponent.swift */,
				4AA508D124161F3200D9ADE4 /* MoveBehavior.swift */,
			);
			path = MoveComponent;
			sourceTree = "<group>";
		};
		4AA508D32416213B00D9ADE4 /* Extensions */ = {
			isa = PBXGroup;
			children = (
				4AA508D4241622B900D9ADE4 /* GKAgent2D+typeConversionHelpers.swift */,
				4AA5B36524165601008D4953 /* CGPoint+pointManipulationHelpers.swift */,
				4AA5B3772416CE7B008D4953 /* CGVector+vectorManipulationHelpers.swift */,
				4AA5B3752416C6BB008D4953 /* CGSize+resizeHelpers.swift */,
				4AA5B37D24176D00008D4953 /* UIColor+hexColorCodeInitializer.swift */,
				4AA5B3832417BA71008D4953 /* SKSpriteNode+addGlow.swift */,
			);
			path = Extensions;
			sourceTree = "<group>";
		};
		4AA5B3702416BB54008D4953 /* Custom Nodes */ = {
			isa = PBXGroup;
			children = (
				4A8F0AA624191B6D00CD730B /* Player Area */,
				8AAADE4924191D7A00606298 /* ButtonNode */,
				56E82D6D2417E7B7009172C6 /* GestureNode.swift */,
			);
			path = "Custom Nodes";
			sourceTree = "<group>";
		};
		4AC87A442419ED3400D79639 /* Sounds */ = {
			isa = PBXGroup;
			children = (
				4AC87A452419ED4100D79639 /* click1.mp3 */,
				4AC87A462419ED4200D79639 /* click3.mp3 */,
				4AC87A472419ED4200D79639 /* Lion King Eldigan.mp3 */,
			);
			path = Sounds;
			sourceTree = "<group>";
		};
		4ACC8B9C2414C69800F235AE = {
			isa = PBXGroup;
			children = (
				4ACC8BA72414C69800F235AE /* GameOfRunes */,
				4ACC8BC22414C69B00F235AE /* GameOfRunesTests */,
				4ACC8BA62414C69800F235AE /* Products */,
				7A7D434C9C364520F35932B0 /* Pods */,
				5A6CB57AA35FD0CFDEBF8802 /* Frameworks */,
			);
			sourceTree = "<group>";
		};
		4ACC8BA62414C69800F235AE /* Products */ = {
			isa = PBXGroup;
			children = (
				4ACC8BA52414C69800F235AE /* GameOfRunes.app */,
				4ACC8BBF2414C69B00F235AE /* GameOfRunesTests.xctest */,
			);
			name = Products;
			sourceTree = "<group>";
		};
		4ACC8BA72414C69800F235AE /* GameOfRunes */ = {
			isa = PBXGroup;
			children = (
				8A5CE9B424187BFD00BEC4B9 /* GameState */,
				4ACC8BA82414C69800F235AE /* AppDelegate.swift */,
				566121DE2416936E00475CE1 /* Scenes */,
				4AA508D32416213B00D9ADE4 /* Extensions */,
				566121D7241682C500475CE1 /* Gesture Recogniser */,
				C6AFF67F241923040076F02B /* GameEngine */,
				4AA508C9241614D500D9ADE4 /* Types */,
				4AA5B3702416BB54008D4953 /* Custom Nodes */,
				4ACC8BB02414C69800F235AE /* GameViewController.swift */,
				4AA5B37F2417879B008D4953 /* Assets.xcassets */,
				4ACC8BB22414C69800F235AE /* Main.storyboard */,
				4ACC8BB72414C69B00F235AE /* LaunchScreen.storyboard */,
				4AC87A442419ED3400D79639 /* Sounds */,
				4AA508C62415E0EC00D9ADE4 /* Fonts */,
				4ACC8BBA2414C69B00F235AE /* Info.plist */,
			);
			path = GameOfRunes;
			sourceTree = "<group>";
		};
		4ACC8BC22414C69B00F235AE /* GameOfRunesTests */ = {
			isa = PBXGroup;
			children = (
				4ACC8BC32414C69B00F235AE /* GameOfRunesTests.swift */,
				4ACC8BC52414C69B00F235AE /* Info.plist */,
			);
			path = GameOfRunesTests;
			sourceTree = "<group>";
		};
		4ACC8BCF2414D53800F235AE /* Components */ = {
			isa = PBXGroup;
			children = (
				4AA508D024161F1300D9ADE4 /* MoveComponent */,
				4ACC8BD12414D57900F235AE /* SpriteComponent.swift */,
				4AA5B363241650A1008D4953 /* TeamComponent.swift */,
				566121DC24168ADC00475CE1 /* GestureComponent.swift */,
				4ACC8BD92415322400F235AE /* HealthComponent.swift */,
				4ACC8BDD2415324400F235AE /* ManaComponent.swift */,
			);
			path = Components;
			sourceTree = "<group>";
		};
		4ACC8BD02414D54800F235AE /* Entities */ = {
			isa = PBXGroup;
			children = (
				4ACC8BD32414D71100F235AE /* EnemyEntity.swift */,
				C6AFF67A2419101B0076F02B /* GestureEntity.swift */,
				4ACC8BDB2415323800F235AE /* PlayerHealthEntity.swift */,
				4ACC8BDF2415325200F235AE /* PlayerManaEntity.swift */,
				4AA5B35F241646DF008D4953 /* EndPointEntity.swift */,
			);
			path = Entities;
			sourceTree = "<group>";
		};
		566121D7241682C500475CE1 /* Gesture Recogniser */ = {
			isa = PBXGroup;
			children = (
				566121D8241682DD00475CE1 /* DBPathRecognizer.swift */,
				566121DA2416838000475CE1 /* CustomGestures.swift */,
			);
			path = "Gesture Recogniser";
			sourceTree = "<group>";
		};
		566121DE2416936E00475CE1 /* Scenes */ = {
			isa = PBXGroup;
			children = (
				563F3DEC24171B49009381B9 /* GameScene.swift */,
				8A5CE9C42418874E00BEC4B9 /* GamePauseScene.swift */,
				8A5CE9C824189AC800BEC4B9 /* GameEndScene.swift */,
				8A5CE9BD24187F2300BEC4B9 /* SceneManager.swift */,
				56E82D6F2417E9D2009172C6 /* GameplayConfiguration.swift */,
			);
			path = Scenes;
			sourceTree = "<group>";
		};
		5A6CB57AA35FD0CFDEBF8802 /* Frameworks */ = {
			isa = PBXGroup;
			children = (
				92961C070B809EAFEA8C678A /* libPods-GameOfRunes.a */,
			);
			name = Frameworks;
			sourceTree = "<group>";
		};
		7A7D434C9C364520F35932B0 /* Pods */ = {
			isa = PBXGroup;
			children = (
				9C9A0713B30729DD96A75248 /* Pods-GameOfRunes.debug.xcconfig */,
				A285CDA71199A45E87E61E24 /* Pods-GameOfRunes.release.xcconfig */,
			);
			path = Pods;
			sourceTree = "<group>";
		};
		8A5CE9B424187BFD00BEC4B9 /* GameState */ = {
			isa = PBXGroup;
			children = (
				8A5CE9B524187C1A00BEC4B9 /* GameInPlayState.swift */,
				8A5CE9B724187EBA00BEC4B9 /* GameStartState.swift */,
				8A5CE9B924187ED300BEC4B9 /* GamePauseState.swift */,
				8A5CE9BB24187EE600BEC4B9 /* GameEndState.swift */,
				8A5CE9CA24189FF700BEC4B9 /* GameStateMachine.swift */,
			);
			path = GameState;
			sourceTree = "<group>";
		};
		8AAADE4924191D7A00606298 /* ButtonNode */ = {
			isa = PBXGroup;
			children = (
				8A5CE9C62418893B00BEC4B9 /* ButtonNode.swift */,
				8AAADE4A24191D8D00606298 /* ButtonNodeResponderType.swift */,
			);
			path = ButtonNode;
			sourceTree = "<group>";
		};
		C6AFF67C241919A00076F02B /* Systems */ = {
			isa = PBXGroup;
			children = (
				C6AFF67D24191A2A0076F02B /* SystemManager.swift */,
				C6AFF68C241A7A530076F02B /* SpriteSystem.swift */,
				C6AFF68A241A674A0076F02B /* MoveSystem.swift */,
				C6AFF684241A61650076F02B /* HealthSystem.swift */,
				C6AFF686241A66360076F02B /* System.swift */,
				C6AFF688241A67430076F02B /* ManaSystem.swift */,
			);
			path = Systems;
			sourceTree = "<group>";
		};
		C6AFF67F241923040076F02B /* GameEngine */ = {
			isa = PBXGroup;
			children = (
				4ACC8BD52414D79F00F235AE /* GameEngine.swift */,
				C6AFF680241923410076F02B /* RemoveDelegate.swift */,
				C6AFF682241A5FC40076F02B /* GameMetaData.swift */,
				C6AFF67C241919A00076F02B /* Systems */,
				4ACC8BCF2414D53800F235AE /* Components */,
				4ACC8BD02414D54800F235AE /* Entities */,
			);
			path = GameEngine;
			sourceTree = "<group>";
		};
/* End PBXGroup section */

/* Begin PBXNativeTarget section */
		4ACC8BA42414C69800F235AE /* GameOfRunes */ = {
			isa = PBXNativeTarget;
			buildConfigurationList = 4ACC8BC82414C69B00F235AE /* Build configuration list for PBXNativeTarget "GameOfRunes" */;
			buildPhases = (
				4F4AC32622E6CB3CA52D7256 /* [CP] Check Pods Manifest.lock */,
				4ACC8BA12414C69800F235AE /* Sources */,
				4ACC8BA22414C69800F235AE /* Frameworks */,
				4ACC8BA32414C69800F235AE /* Resources */,
				4ACC8BCE2414C95100F235AE /* Run Script */,
			);
			buildRules = (
			);
			dependencies = (
			);
			name = GameOfRunes;
			productName = GameOfRunes;
			productReference = 4ACC8BA52414C69800F235AE /* GameOfRunes.app */;
			productType = "com.apple.product-type.application";
		};
		4ACC8BBE2414C69B00F235AE /* GameOfRunesTests */ = {
			isa = PBXNativeTarget;
			buildConfigurationList = 4ACC8BCB2414C69B00F235AE /* Build configuration list for PBXNativeTarget "GameOfRunesTests" */;
			buildPhases = (
				4ACC8BBB2414C69B00F235AE /* Sources */,
				4ACC8BBC2414C69B00F235AE /* Frameworks */,
				4ACC8BBD2414C69B00F235AE /* Resources */,
			);
			buildRules = (
			);
			dependencies = (
				4ACC8BC12414C69B00F235AE /* PBXTargetDependency */,
			);
			name = GameOfRunesTests;
			productName = GameOfRunesTests;
			productReference = 4ACC8BBF2414C69B00F235AE /* GameOfRunesTests.xctest */;
			productType = "com.apple.product-type.bundle.unit-test";
		};
/* End PBXNativeTarget section */

/* Begin PBXProject section */
		4ACC8B9D2414C69800F235AE /* Project object */ = {
			isa = PBXProject;
			attributes = {
				LastSwiftUpdateCheck = 1130;
				LastUpgradeCheck = 1130;
				ORGANIZATIONNAME = TeamHoWan;
				TargetAttributes = {
					4ACC8BA42414C69800F235AE = {
						CreatedOnToolsVersion = 11.3.1;
					};
					4ACC8BBE2414C69B00F235AE = {
						CreatedOnToolsVersion = 11.3.1;
						TestTargetID = 4ACC8BA42414C69800F235AE;
					};
				};
			};
			buildConfigurationList = 4ACC8BA02414C69800F235AE /* Build configuration list for PBXProject "GameOfRunes" */;
			compatibilityVersion = "Xcode 9.3";
			developmentRegion = en;
			hasScannedForEncodings = 0;
			knownRegions = (
				en,
				Base,
			);
			mainGroup = 4ACC8B9C2414C69800F235AE;
			productRefGroup = 4ACC8BA62414C69800F235AE /* Products */;
			projectDirPath = "";
			projectRoot = "";
			targets = (
				4ACC8BA42414C69800F235AE /* GameOfRunes */,
				4ACC8BBE2414C69B00F235AE /* GameOfRunesTests */,
			);
		};
/* End PBXProject section */

/* Begin PBXResourcesBuildPhase section */
		4ACC8BA32414C69800F235AE /* Resources */ = {
			isa = PBXResourcesBuildPhase;
			buildActionMask = 2147483647;
			files = (
				4AA508C22415766A00D9ADE4 /* HVD_Comic_Serif_Pro.otf in Resources */,
				4ACC8BB42414C69800F235AE /* Main.storyboard in Resources */,
				4AC87A4A2419ED4200D79639 /* Lion King Eldigan.mp3 in Resources */,
				4ACC8BB92414C69B00F235AE /* LaunchScreen.storyboard in Resources */,
				4AC87A482419ED4200D79639 /* click1.mp3 in Resources */,
				4AA508C82415E0FF00D9ADE4 /* Dragon Fire.ttf in Resources */,
				4AC87A492419ED4200D79639 /* click3.mp3 in Resources */,
				4AA5B3802417879C008D4953 /* Assets.xcassets in Resources */,
			);
			runOnlyForDeploymentPostprocessing = 0;
		};
		4ACC8BBD2414C69B00F235AE /* Resources */ = {
			isa = PBXResourcesBuildPhase;
			buildActionMask = 2147483647;
			files = (
			);
			runOnlyForDeploymentPostprocessing = 0;
		};
/* End PBXResourcesBuildPhase section */

/* Begin PBXShellScriptBuildPhase section */
		4ACC8BCE2414C95100F235AE /* Run Script */ = {
			isa = PBXShellScriptBuildPhase;
			buildActionMask = 8;
			files = (
			);
			inputFileListPaths = (
			);
			inputPaths = (
			);
			name = "Run Script";
			outputFileListPaths = (
			);
			outputPaths = (
			);
			runOnlyForDeploymentPostprocessing = 1;
			shellPath = /bin/sh;
			shellScript = "\"${PODS_ROOT}/SwiftLint/swiftlint\"\n";
		};
		4F4AC32622E6CB3CA52D7256 /* [CP] Check Pods Manifest.lock */ = {
			isa = PBXShellScriptBuildPhase;
			buildActionMask = 2147483647;
			files = (
			);
			inputFileListPaths = (
			);
			inputPaths = (
				"${PODS_PODFILE_DIR_PATH}/Podfile.lock",
				"${PODS_ROOT}/Manifest.lock",
			);
			name = "[CP] Check Pods Manifest.lock";
			outputFileListPaths = (
			);
			outputPaths = (
				"$(DERIVED_FILE_DIR)/Pods-GameOfRunes-checkManifestLockResult.txt",
			);
			runOnlyForDeploymentPostprocessing = 0;
			shellPath = /bin/sh;
			shellScript = "diff \"${PODS_PODFILE_DIR_PATH}/Podfile.lock\" \"${PODS_ROOT}/Manifest.lock\" > /dev/null\nif [ $? != 0 ] ; then\n    # print error to STDERR\n    echo \"error: The sandbox is not in sync with the Podfile.lock. Run 'pod install' or update your CocoaPods installation.\" >&2\n    exit 1\nfi\n# This output is used by Xcode 'outputs' to avoid re-running this script phase.\necho \"SUCCESS\" > \"${SCRIPT_OUTPUT_FILE_0}\"\n";
			showEnvVarsInLog = 0;
		};
/* End PBXShellScriptBuildPhase section */

/* Begin PBXSourcesBuildPhase section */
		4ACC8BA12414C69800F235AE /* Sources */ = {
			isa = PBXSourcesBuildPhase;
			buildActionMask = 2147483647;
			files = (
				C6AFF685241A61650076F02B /* HealthSystem.swift in Sources */,
				C6AFF689241A67430076F02B /* ManaSystem.swift in Sources */,
				8A5CE9CB24189FF700BEC4B9 /* GameStateMachine.swift in Sources */,
				4AA5B3742416BF5E008D4953 /* HealthNode.swift in Sources */,
				4AA5B3782416CE7B008D4953 /* CGVector+vectorManipulationHelpers.swift in Sources */,
				4AA5B364241650A1008D4953 /* TeamComponent.swift in Sources */,
				4AA5B37C241769C4008D4953 /* ProgressBarNode.swift in Sources */,
				4AA508CF24161EFA00D9ADE4 /* MoveComponent.swift in Sources */,
				4AA508D5241622B900D9ADE4 /* GKAgent2D+typeConversionHelpers.swift in Sources */,
				4AC87A4C241A3EB100D79639 /* PowerUpType.swift in Sources */,
				8A5CE9C72418893B00BEC4B9 /* ButtonNode.swift in Sources */,
				56E82D6E2417E7B7009172C6 /* GestureNode.swift in Sources */,
				4ACC8BDA2415322400F235AE /* HealthComponent.swift in Sources */,
				C6AFF68B241A674A0076F02B /* MoveSystem.swift in Sources */,
				4ACC8BD42414D71100F235AE /* EnemyEntity.swift in Sources */,
				566121D9241682DD00475CE1 /* DBPathRecognizer.swift in Sources */,
				4ACC8BD62414D79F00F235AE /* GameEngine.swift in Sources */,
				4AA5B36224164FC9008D4953 /* Team.swift in Sources */,
				56E82D702417E9D2009172C6 /* GameplayConfiguration.swift in Sources */,
				C6AFF68D241A7A530076F02B /* SpriteSystem.swift in Sources */,
				8A5CE9B624187C1A00BEC4B9 /* GameInPlayState.swift in Sources */,
				8A5CE9BA24187ED300BEC4B9 /* GamePauseState.swift in Sources */,
				8A5CE9B824187EBB00BEC4B9 /* GameStartState.swift in Sources */,
				8A5CE9BE24187F2300BEC4B9 /* SceneManager.swift in Sources */,
				8AAADE4B24191D8D00606298 /* ButtonNodeResponderType.swift in Sources */,
				4AA5B3762416C6BB008D4953 /* CGSize+resizeHelpers.swift in Sources */,
				4A8F0AA824191BBF00CD730B /* PlayerAreaNode.swift in Sources */,
				4AA5B3842417BA71008D4953 /* SKSpriteNode+addGlow.swift in Sources */,
				4ACC8BDE2415324400F235AE /* ManaComponent.swift in Sources */,
				566121DD24168ADC00475CE1 /* GestureComponent.swift in Sources */,
				4AA508CB2416170600D9ADE4 /* ArenaType.swift in Sources */,
				4ACC8BB12414C69800F235AE /* GameViewController.swift in Sources */,
				C6AFF687241A66360076F02B /* System.swift in Sources */,
				4AA5B3822417B8D7008D4953 /* BarDividerNode.swift in Sources */,
				C6AFF67E24191A2A0076F02B /* SystemManager.swift in Sources */,
				4ACC8BD22414D57900F235AE /* SpriteComponent.swift in Sources */,
				C6AFF67B2419101B0076F02B /* GestureEntity.swift in Sources */,
				C6AFF683241A5FC40076F02B /* GameMetaData.swift in Sources */,
				8A5CE9BC24187EE600BEC4B9 /* GameEndState.swift in Sources */,
				4AA508D224161F3200D9ADE4 /* MoveBehavior.swift in Sources */,
				4AA508CD24161A1900D9ADE4 /* EnemyType.swift in Sources */,
				8A5CE9C52418874E00BEC4B9 /* GamePauseScene.swift in Sources */,
				4ACC8BA92414C69800F235AE /* AppDelegate.swift in Sources */,
				4AA5B3722416BB6B008D4953 /* HealthBarNode.swift in Sources */,
				4AC87A4E241AC12700D79639 /* PowerUpNode.swift in Sources */,
				4ACC8BE02415325200F235AE /* PlayerManaEntity.swift in Sources */,
				8A5CE9C924189AC800BEC4B9 /* GameEndScene.swift in Sources */,
				4AA5B37A2417625D008D4953 /* ManaBarNode.swift in Sources */,
				4AA5B360241646DF008D4953 /* EndPointEntity.swift in Sources */,
				4AA5B37E24176D00008D4953 /* UIColor+hexColorCodeInitializer.swift in Sources */,
				4AA5B36624165601008D4953 /* CGPoint+pointManipulationHelpers.swift in Sources */,
				566121DB2416838000475CE1 /* CustomGestures.swift in Sources */,
				563F3DED24171B4A009381B9 /* GameScene.swift in Sources */,
				4ACC8BDC2415323800F235AE /* PlayerHealthEntity.swift in Sources */,
				C6AFF681241923410076F02B /* RemoveDelegate.swift in Sources */,
			);
			runOnlyForDeploymentPostprocessing = 0;
		};
		4ACC8BBB2414C69B00F235AE /* Sources */ = {
			isa = PBXSourcesBuildPhase;
			buildActionMask = 2147483647;
			files = (
				4ACC8BC42414C69B00F235AE /* GameOfRunesTests.swift in Sources */,
			);
			runOnlyForDeploymentPostprocessing = 0;
		};
/* End PBXSourcesBuildPhase section */

/* Begin PBXTargetDependency section */
		4ACC8BC12414C69B00F235AE /* PBXTargetDependency */ = {
			isa = PBXTargetDependency;
			target = 4ACC8BA42414C69800F235AE /* GameOfRunes */;
			targetProxy = 4ACC8BC02414C69B00F235AE /* PBXContainerItemProxy */;
		};
/* End PBXTargetDependency section */

/* Begin PBXVariantGroup section */
		4ACC8BB22414C69800F235AE /* Main.storyboard */ = {
			isa = PBXVariantGroup;
			children = (
				4ACC8BB32414C69800F235AE /* Base */,
			);
			name = Main.storyboard;
			sourceTree = "<group>";
		};
		4ACC8BB72414C69B00F235AE /* LaunchScreen.storyboard */ = {
			isa = PBXVariantGroup;
			children = (
				4ACC8BB82414C69B00F235AE /* Base */,
			);
			name = LaunchScreen.storyboard;
			sourceTree = "<group>";
		};
/* End PBXVariantGroup section */

/* Begin XCBuildConfiguration section */
		4ACC8BC62414C69B00F235AE /* Debug */ = {
			isa = XCBuildConfiguration;
			buildSettings = {
				ALWAYS_SEARCH_USER_PATHS = NO;
				CLANG_ANALYZER_NONNULL = YES;
				CLANG_ANALYZER_NUMBER_OBJECT_CONVERSION = YES_AGGRESSIVE;
				CLANG_CXX_LANGUAGE_STANDARD = "gnu++14";
				CLANG_CXX_LIBRARY = "libc++";
				CLANG_ENABLE_MODULES = YES;
				CLANG_ENABLE_OBJC_ARC = YES;
				CLANG_ENABLE_OBJC_WEAK = YES;
				CLANG_WARN_BLOCK_CAPTURE_AUTORELEASING = YES;
				CLANG_WARN_BOOL_CONVERSION = YES;
				CLANG_WARN_COMMA = YES;
				CLANG_WARN_CONSTANT_CONVERSION = YES;
				CLANG_WARN_DEPRECATED_OBJC_IMPLEMENTATIONS = YES;
				CLANG_WARN_DIRECT_OBJC_ISA_USAGE = YES_ERROR;
				CLANG_WARN_DOCUMENTATION_COMMENTS = YES;
				CLANG_WARN_EMPTY_BODY = YES;
				CLANG_WARN_ENUM_CONVERSION = YES;
				CLANG_WARN_INFINITE_RECURSION = YES;
				CLANG_WARN_INT_CONVERSION = YES;
				CLANG_WARN_NON_LITERAL_NULL_CONVERSION = YES;
				CLANG_WARN_OBJC_IMPLICIT_RETAIN_SELF = YES;
				CLANG_WARN_OBJC_LITERAL_CONVERSION = YES;
				CLANG_WARN_OBJC_ROOT_CLASS = YES_ERROR;
				CLANG_WARN_RANGE_LOOP_ANALYSIS = YES;
				CLANG_WARN_STRICT_PROTOTYPES = YES;
				CLANG_WARN_SUSPICIOUS_MOVE = YES;
				CLANG_WARN_UNGUARDED_AVAILABILITY = YES_AGGRESSIVE;
				CLANG_WARN_UNREACHABLE_CODE = YES;
				CLANG_WARN__DUPLICATE_METHOD_MATCH = YES;
				COPY_PHASE_STRIP = NO;
				DEBUG_INFORMATION_FORMAT = dwarf;
				ENABLE_STRICT_OBJC_MSGSEND = YES;
				ENABLE_TESTABILITY = YES;
				GCC_C_LANGUAGE_STANDARD = gnu11;
				GCC_DYNAMIC_NO_PIC = NO;
				GCC_NO_COMMON_BLOCKS = YES;
				GCC_OPTIMIZATION_LEVEL = 0;
				GCC_PREPROCESSOR_DEFINITIONS = (
					"DEBUG=1",
					"$(inherited)",
				);
				GCC_WARN_64_TO_32_BIT_CONVERSION = YES;
				GCC_WARN_ABOUT_RETURN_TYPE = YES_ERROR;
				GCC_WARN_UNDECLARED_SELECTOR = YES;
				GCC_WARN_UNINITIALIZED_AUTOS = YES_AGGRESSIVE;
				GCC_WARN_UNUSED_FUNCTION = YES;
				GCC_WARN_UNUSED_VARIABLE = YES;
				IPHONEOS_DEPLOYMENT_TARGET = 13.2;
				LD_RUNPATH_SEARCH_PATHS = "";
				LIBRARY_SEARCH_PATHS = "";
				MTL_ENABLE_DEBUG_INFO = INCLUDE_SOURCE;
				MTL_FAST_MATH = YES;
				ONLY_ACTIVE_ARCH = YES;
				SDKROOT = iphoneos;
				SWIFT_ACTIVE_COMPILATION_CONDITIONS = DEBUG;
				SWIFT_OPTIMIZATION_LEVEL = "-Onone";
			};
			name = Debug;
		};
		4ACC8BC72414C69B00F235AE /* Release */ = {
			isa = XCBuildConfiguration;
			buildSettings = {
				ALWAYS_SEARCH_USER_PATHS = NO;
				CLANG_ANALYZER_NONNULL = YES;
				CLANG_ANALYZER_NUMBER_OBJECT_CONVERSION = YES_AGGRESSIVE;
				CLANG_CXX_LANGUAGE_STANDARD = "gnu++14";
				CLANG_CXX_LIBRARY = "libc++";
				CLANG_ENABLE_MODULES = YES;
				CLANG_ENABLE_OBJC_ARC = YES;
				CLANG_ENABLE_OBJC_WEAK = YES;
				CLANG_WARN_BLOCK_CAPTURE_AUTORELEASING = YES;
				CLANG_WARN_BOOL_CONVERSION = YES;
				CLANG_WARN_COMMA = YES;
				CLANG_WARN_CONSTANT_CONVERSION = YES;
				CLANG_WARN_DEPRECATED_OBJC_IMPLEMENTATIONS = YES;
				CLANG_WARN_DIRECT_OBJC_ISA_USAGE = YES_ERROR;
				CLANG_WARN_DOCUMENTATION_COMMENTS = YES;
				CLANG_WARN_EMPTY_BODY = YES;
				CLANG_WARN_ENUM_CONVERSION = YES;
				CLANG_WARN_INFINITE_RECURSION = YES;
				CLANG_WARN_INT_CONVERSION = YES;
				CLANG_WARN_NON_LITERAL_NULL_CONVERSION = YES;
				CLANG_WARN_OBJC_IMPLICIT_RETAIN_SELF = YES;
				CLANG_WARN_OBJC_LITERAL_CONVERSION = YES;
				CLANG_WARN_OBJC_ROOT_CLASS = YES_ERROR;
				CLANG_WARN_RANGE_LOOP_ANALYSIS = YES;
				CLANG_WARN_STRICT_PROTOTYPES = YES;
				CLANG_WARN_SUSPICIOUS_MOVE = YES;
				CLANG_WARN_UNGUARDED_AVAILABILITY = YES_AGGRESSIVE;
				CLANG_WARN_UNREACHABLE_CODE = YES;
				CLANG_WARN__DUPLICATE_METHOD_MATCH = YES;
				COPY_PHASE_STRIP = NO;
				DEBUG_INFORMATION_FORMAT = "dwarf-with-dsym";
				ENABLE_NS_ASSERTIONS = NO;
				ENABLE_STRICT_OBJC_MSGSEND = YES;
				GCC_C_LANGUAGE_STANDARD = gnu11;
				GCC_NO_COMMON_BLOCKS = YES;
				GCC_WARN_64_TO_32_BIT_CONVERSION = YES;
				GCC_WARN_ABOUT_RETURN_TYPE = YES_ERROR;
				GCC_WARN_UNDECLARED_SELECTOR = YES;
				GCC_WARN_UNINITIALIZED_AUTOS = YES_AGGRESSIVE;
				GCC_WARN_UNUSED_FUNCTION = YES;
				GCC_WARN_UNUSED_VARIABLE = YES;
				IPHONEOS_DEPLOYMENT_TARGET = 13.2;
				LD_RUNPATH_SEARCH_PATHS = "";
				LIBRARY_SEARCH_PATHS = "";
				MTL_ENABLE_DEBUG_INFO = NO;
				MTL_FAST_MATH = YES;
				SDKROOT = iphoneos;
				SWIFT_COMPILATION_MODE = wholemodule;
				SWIFT_OPTIMIZATION_LEVEL = "-O";
				VALIDATE_PRODUCT = YES;
			};
			name = Release;
		};
		4ACC8BC92414C69B00F235AE /* Debug */ = {
			isa = XCBuildConfiguration;
			baseConfigurationReference = 9C9A0713B30729DD96A75248 /* Pods-GameOfRunes.debug.xcconfig */;
			buildSettings = {
				ASSETCATALOG_COMPILER_APPICON_NAME = AppIcon;
				CODE_SIGN_STYLE = Automatic;
				DEVELOPMENT_TEAM = U2CA3BX8T8;
				INFOPLIST_FILE = GameOfRunes/Info.plist;
				LD_RUNPATH_SEARCH_PATHS = (
					"$(inherited)",
					"@executable_path/Frameworks",
				);
				PRODUCT_BUNDLE_IDENTIFIER = com.TeamHoWan.GameOfRunesApp;
				PRODUCT_NAME = "$(TARGET_NAME)";
				SWIFT_VERSION = 5.0;
				TARGETED_DEVICE_FAMILY = 2;
			};
			name = Debug;
		};
		4ACC8BCA2414C69B00F235AE /* Release */ = {
			isa = XCBuildConfiguration;
			baseConfigurationReference = A285CDA71199A45E87E61E24 /* Pods-GameOfRunes.release.xcconfig */;
			buildSettings = {
				ASSETCATALOG_COMPILER_APPICON_NAME = AppIcon;
				CODE_SIGN_STYLE = Automatic;
				DEVELOPMENT_TEAM = U2CA3BX8T8;
				INFOPLIST_FILE = GameOfRunes/Info.plist;
				LD_RUNPATH_SEARCH_PATHS = (
					"$(inherited)",
					"@executable_path/Frameworks",
				);
				PRODUCT_BUNDLE_IDENTIFIER = com.TeamHoWan.GameOfRunesApp;
				PRODUCT_NAME = "$(TARGET_NAME)";
				SWIFT_VERSION = 5.0;
				TARGETED_DEVICE_FAMILY = 2;
			};
			name = Release;
		};
		4ACC8BCC2414C69B00F235AE /* Debug */ = {
			isa = XCBuildConfiguration;
			buildSettings = {
				ALWAYS_EMBED_SWIFT_STANDARD_LIBRARIES = YES;
				BUNDLE_LOADER = "$(TEST_HOST)";
				CODE_SIGN_STYLE = Automatic;
				DEVELOPMENT_TEAM = U2CA3BX8T8;
				INFOPLIST_FILE = GameOfRunesTests/Info.plist;
				IPHONEOS_DEPLOYMENT_TARGET = 13.2;
				LD_RUNPATH_SEARCH_PATHS = (
					"$(inherited)",
					"@executable_path/Frameworks",
					"@loader_path/Frameworks",
				);
				PRODUCT_BUNDLE_IDENTIFIER = com.TeamHoWan.GameOfRunesTests;
				PRODUCT_NAME = "$(TARGET_NAME)";
				SWIFT_VERSION = 5.0;
				TARGETED_DEVICE_FAMILY = "1,2";
				TEST_HOST = "$(BUILT_PRODUCTS_DIR)/GameOfRunes.app/GameOfRunes";
			};
			name = Debug;
		};
		4ACC8BCD2414C69B00F235AE /* Release */ = {
			isa = XCBuildConfiguration;
			buildSettings = {
				ALWAYS_EMBED_SWIFT_STANDARD_LIBRARIES = YES;
				BUNDLE_LOADER = "$(TEST_HOST)";
				CODE_SIGN_STYLE = Automatic;
				DEVELOPMENT_TEAM = U2CA3BX8T8;
				INFOPLIST_FILE = GameOfRunesTests/Info.plist;
				IPHONEOS_DEPLOYMENT_TARGET = 13.2;
				LD_RUNPATH_SEARCH_PATHS = (
					"$(inherited)",
					"@executable_path/Frameworks",
					"@loader_path/Frameworks",
				);
				PRODUCT_BUNDLE_IDENTIFIER = com.TeamHoWan.GameOfRunesTests;
				PRODUCT_NAME = "$(TARGET_NAME)";
				SWIFT_VERSION = 5.0;
				TARGETED_DEVICE_FAMILY = "1,2";
				TEST_HOST = "$(BUILT_PRODUCTS_DIR)/GameOfRunes.app/GameOfRunes";
			};
			name = Release;
		};
/* End XCBuildConfiguration section */

/* Begin XCConfigurationList section */
		4ACC8BA02414C69800F235AE /* Build configuration list for PBXProject "GameOfRunes" */ = {
			isa = XCConfigurationList;
			buildConfigurations = (
				4ACC8BC62414C69B00F235AE /* Debug */,
				4ACC8BC72414C69B00F235AE /* Release */,
			);
			defaultConfigurationIsVisible = 0;
			defaultConfigurationName = Release;
		};
		4ACC8BC82414C69B00F235AE /* Build configuration list for PBXNativeTarget "GameOfRunes" */ = {
			isa = XCConfigurationList;
			buildConfigurations = (
				4ACC8BC92414C69B00F235AE /* Debug */,
				4ACC8BCA2414C69B00F235AE /* Release */,
			);
			defaultConfigurationIsVisible = 0;
			defaultConfigurationName = Release;
		};
		4ACC8BCB2414C69B00F235AE /* Build configuration list for PBXNativeTarget "GameOfRunesTests" */ = {
			isa = XCConfigurationList;
			buildConfigurations = (
				4ACC8BCC2414C69B00F235AE /* Debug */,
				4ACC8BCD2414C69B00F235AE /* Release */,
			);
			defaultConfigurationIsVisible = 0;
			defaultConfigurationName = Release;
		};
/* End XCConfigurationList section */
	};
	rootObject = 4ACC8B9D2414C69800F235AE /* Project object */;
}
