// !$*UTF8*$!
{
	archiveVersion = 1;
	classes = {
	};
	objectVersion = 50;
	objects = {

/* Begin PBXBuildFile section */
		19D664CB24207ECE00351C92 /* Component.swift in Sources */ = {isa = PBXBuildFile; fileRef = 19D664CA24207ECE00351C92 /* Component.swift */; };
		1F1298E922021B12A5C71EE7 /* libPods-GameOfRunes.a in Frameworks */ = {isa = PBXBuildFile; fileRef = 92961C070B809EAFEA8C678A /* libPods-GameOfRunes.a */; };
		49CE1447C4255E7ECBF5CCDB /* libPods-GameOfRunesTests.a in Frameworks */ = {isa = PBXBuildFile; fileRef = BC87BA623B43C19839764DCB /* libPods-GameOfRunesTests.a */; };
		4A09C4EC242E465200CA7625 /* GameMapScene.swift in Sources */ = {isa = PBXBuildFile; fileRef = 4A09C4EB242E465200CA7625 /* GameMapScene.swift */; };
		4A09C4EE242E5E0900CA7625 /* GameSelectionState.swift in Sources */ = {isa = PBXBuildFile; fileRef = 4A09C4ED242E5E0900CA7625 /* GameSelectionState.swift */; };
		4A09C4F3242FC36300CA7625 /* Stage.swift in Sources */ = {isa = PBXBuildFile; fileRef = 4A09C4F2242FC36200CA7625 /* Stage.swift */; };
		4A09C4F8242FCBDD00CA7625 /* StageNode.swift in Sources */ = {isa = PBXBuildFile; fileRef = 4A09C4F7242FCBDD00CA7625 /* StageNode.swift */; };
		4A09C4FA242FE41900CA7625 /* StagePreviewNode.swift in Sources */ = {isa = PBXBuildFile; fileRef = 4A09C4F9242FE41900CA7625 /* StagePreviewNode.swift */; };
		4A09C4FD242FE4DF00CA7625 /* StagePreviewLabelNode.swift in Sources */ = {isa = PBXBuildFile; fileRef = 4A09C4FC242FE4DF00CA7625 /* StagePreviewLabelNode.swift */; };
		4A09C4FF242FE50300CA7625 /* BattleNode.swift in Sources */ = {isa = PBXBuildFile; fileRef = 4A09C4FE242FE50300CA7625 /* BattleNode.swift */; };
		4A09C50324300D8700CA7625 /* AchievementBadgeNode.swift in Sources */ = {isa = PBXBuildFile; fileRef = 4A09C50224300D8700CA7625 /* AchievementBadgeNode.swift */; };
		4A1B33372432397600B67B91 /* GeneratedMocks.swift in Sources */ = {isa = PBXBuildFile; fileRef = 4A1B33362432397600B67B91 /* GeneratedMocks.swift */; };
		4A1B33392432615C00B67B91 /* AttractionEntity.swift in Sources */ = {isa = PBXBuildFile; fileRef = 4A1B33382432615C00B67B91 /* AttractionEntity.swift */; };
		4A6213DC2430941000FABB48 /* AvatarOverviewNode.swift in Sources */ = {isa = PBXBuildFile; fileRef = 4A6213DB2430941000FABB48 /* AvatarOverviewNode.swift */; };
		4A6213DE24309B0500FABB48 /* AvatarSelectionNode.swift in Sources */ = {isa = PBXBuildFile; fileRef = 4A6213DD24309B0500FABB48 /* AvatarSelectionNode.swift */; };
		4A6213E024309CDE00FABB48 /* Avatar.swift in Sources */ = {isa = PBXBuildFile; fileRef = 4A6213DF24309CDE00FABB48 /* Avatar.swift */; };
		4A6213E22430A9BB00FABB48 /* PowerUpDescriptionNode.swift in Sources */ = {isa = PBXBuildFile; fileRef = 4A6213E12430A9BB00FABB48 /* PowerUpDescriptionNode.swift */; };
		4A6213E42430B61700FABB48 /* AvatarLabelNode.swift in Sources */ = {isa = PBXBuildFile; fileRef = 4A6213E32430B61700FABB48 /* AvatarLabelNode.swift */; };
		4A6213EA2430BDD600FABB48 /* ArrowNode.swift in Sources */ = {isa = PBXBuildFile; fileRef = 4A6213E92430BDD600FABB48 /* ArrowNode.swift */; };
		4A6213EC2430D19500FABB48 /* SelectedPowerUpResponder.swift in Sources */ = {isa = PBXBuildFile; fileRef = 4A6213EB2430D19500FABB48 /* SelectedPowerUpResponder.swift */; };
		4A6213EE2430DA8E00FABB48 /* DescriptionNode.swift in Sources */ = {isa = PBXBuildFile; fileRef = 4A6213ED2430DA8E00FABB48 /* DescriptionNode.swift */; };
		4A72EB442420061A005FA909 /* SummonNode.swift in Sources */ = {isa = PBXBuildFile; fileRef = 4A72EB432420061A005FA909 /* SummonNode.swift */; };
		4A72EB4624200BE6005FA909 /* ButtonType.swift in Sources */ = {isa = PBXBuildFile; fileRef = 4A72EB4524200BE6005FA909 /* ButtonType.swift */; };
		4A72EB4824211F57005FA909 /* PowerUpNode.swift in Sources */ = {isa = PBXBuildFile; fileRef = 4A72EB4724211F57005FA909 /* PowerUpNode.swift */; };
		4A768F112430148E000F3F05 /* StageSelectionNode.swift in Sources */ = {isa = PBXBuildFile; fileRef = 4A768F102430148E000F3F05 /* StageSelectionNode.swift */; };
		4A768F152430157F000F3F05 /* CancelNode.swift in Sources */ = {isa = PBXBuildFile; fileRef = 4A768F142430157F000F3F05 /* CancelNode.swift */; };
		4A768F172430173C000F3F05 /* PlayNode.swift in Sources */ = {isa = PBXBuildFile; fileRef = 4A768F162430173C000F3F05 /* PlayNode.swift */; };
		4A768F1924302079000F3F05 /* StageOverviewNode.swift in Sources */ = {isa = PBXBuildFile; fileRef = 4A768F1824302079000F3F05 /* StageOverviewNode.swift */; };
		4A768F1B243022DA000F3F05 /* StageOverviewLabelNode.swift in Sources */ = {isa = PBXBuildFile; fileRef = 4A768F1A243022DA000F3F05 /* StageOverviewLabelNode.swift */; };
		4A768F1D24307DC9000F3F05 /* StageOverviewDescriptionNode.swift in Sources */ = {isa = PBXBuildFile; fileRef = 4A768F1C24307DC9000F3F05 /* StageOverviewDescriptionNode.swift */; };
		4A768F1F24307EE7000F3F05 /* StackedLabelsNode.swift in Sources */ = {isa = PBXBuildFile; fileRef = 4A768F1E24307EE7000F3F05 /* StackedLabelsNode.swift */; };
		4A8F0AA824191BBF00CD730B /* PlayerAreaNode.swift in Sources */ = {isa = PBXBuildFile; fileRef = 4A8F0AA724191BBF00CD730B /* PlayerAreaNode.swift */; };
		4AA508C22415766A00D9ADE4 /* HVD_Comic_Serif_Pro.otf in Resources */ = {isa = PBXBuildFile; fileRef = 4AA508C12415762800D9ADE4 /* HVD_Comic_Serif_Pro.otf */; };
		4AA508C82415E0FF00D9ADE4 /* Dragon Fire.ttf in Resources */ = {isa = PBXBuildFile; fileRef = 4AA508C72415E0FF00D9ADE4 /* Dragon Fire.ttf */; };
		4AA508CB2416170600D9ADE4 /* ArenaType.swift in Sources */ = {isa = PBXBuildFile; fileRef = 4AA508CA2416170600D9ADE4 /* ArenaType.swift */; };
		4AA508CD24161A1900D9ADE4 /* EnemyType.swift in Sources */ = {isa = PBXBuildFile; fileRef = 4AA508CC24161A1900D9ADE4 /* EnemyType.swift */; };
		4AA508CF24161EFA00D9ADE4 /* MoveComponent.swift in Sources */ = {isa = PBXBuildFile; fileRef = 4AA508CE24161EFA00D9ADE4 /* MoveComponent.swift */; };
		4AA508D224161F3200D9ADE4 /* MoveBehavior.swift in Sources */ = {isa = PBXBuildFile; fileRef = 4AA508D124161F3200D9ADE4 /* MoveBehavior.swift */; };
		4AA508D5241622B900D9ADE4 /* GKAgent2D+typeConversionHelpers.swift in Sources */ = {isa = PBXBuildFile; fileRef = 4AA508D4241622B900D9ADE4 /* GKAgent2D+typeConversionHelpers.swift */; };
		4AA5B360241646DF008D4953 /* EndPointEntity.swift in Sources */ = {isa = PBXBuildFile; fileRef = 4AA5B35F241646DF008D4953 /* EndPointEntity.swift */; };
		4AA5B36224164FC9008D4953 /* Team.swift in Sources */ = {isa = PBXBuildFile; fileRef = 4AA5B36124164FC9008D4953 /* Team.swift */; };
		4AA5B364241650A1008D4953 /* TeamComponent.swift in Sources */ = {isa = PBXBuildFile; fileRef = 4AA5B363241650A1008D4953 /* TeamComponent.swift */; };
		4AA5B36624165601008D4953 /* CGPoint+pointManipulationHelpers.swift in Sources */ = {isa = PBXBuildFile; fileRef = 4AA5B36524165601008D4953 /* CGPoint+pointManipulationHelpers.swift */; };
		4AA5B3722416BB6B008D4953 /* HealthBarNode.swift in Sources */ = {isa = PBXBuildFile; fileRef = 4AA5B3712416BB6B008D4953 /* HealthBarNode.swift */; };
		4AA5B3742416BF5E008D4953 /* HealthNode.swift in Sources */ = {isa = PBXBuildFile; fileRef = 4AA5B3732416BF5E008D4953 /* HealthNode.swift */; };
		4AA5B3762416C6BB008D4953 /* CGSize+resizeHelpers.swift in Sources */ = {isa = PBXBuildFile; fileRef = 4AA5B3752416C6BB008D4953 /* CGSize+resizeHelpers.swift */; };
		4AA5B3782416CE7B008D4953 /* CGVector+vectorManipulationHelpers.swift in Sources */ = {isa = PBXBuildFile; fileRef = 4AA5B3772416CE7B008D4953 /* CGVector+vectorManipulationHelpers.swift */; };
		4AA5B37A2417625D008D4953 /* ManaBarNode.swift in Sources */ = {isa = PBXBuildFile; fileRef = 4AA5B3792417625D008D4953 /* ManaBarNode.swift */; };
		4AA5B37C241769C4008D4953 /* ProgressBarNode.swift in Sources */ = {isa = PBXBuildFile; fileRef = 4AA5B37B241769C4008D4953 /* ProgressBarNode.swift */; };
		4AA5B37E24176D00008D4953 /* UIColor+hexColorCodeInitializer.swift in Sources */ = {isa = PBXBuildFile; fileRef = 4AA5B37D24176D00008D4953 /* UIColor+hexColorCodeInitializer.swift */; };
		4AA5B3802417879C008D4953 /* Assets.xcassets in Resources */ = {isa = PBXBuildFile; fileRef = 4AA5B37F2417879B008D4953 /* Assets.xcassets */; };
		4AA5B3822417B8D7008D4953 /* BarDividerNode.swift in Sources */ = {isa = PBXBuildFile; fileRef = 4AA5B3812417B8D7008D4953 /* BarDividerNode.swift */; };
		4AA5B3842417BA71008D4953 /* SKSpriteNode+helpers.swift in Sources */ = {isa = PBXBuildFile; fileRef = 4AA5B3832417BA71008D4953 /* SKSpriteNode+helpers.swift */; };
		4AB47A3F2423F0F700EDADC1 /* ManaType.swift in Sources */ = {isa = PBXBuildFile; fileRef = 4AB47A3E2423F0F700EDADC1 /* ManaType.swift */; };
		4AB6BDF5242789D80046F5AB /* HealthBarNodeTest.swift in Sources */ = {isa = PBXBuildFile; fileRef = 4AB6BDF4242789D80046F5AB /* HealthBarNodeTest.swift */; };
		4AB6BDF724278D840046F5AB /* ManaBarNodeTest.swift in Sources */ = {isa = PBXBuildFile; fileRef = 4AB6BDF624278D840046F5AB /* ManaBarNodeTest.swift */; };
		4AC87A482419ED4200D79639 /* click1.mp3 in Resources */ = {isa = PBXBuildFile; fileRef = 4AC87A452419ED4100D79639 /* click1.mp3 */; };
		4AC87A492419ED4200D79639 /* click3.mp3 in Resources */ = {isa = PBXBuildFile; fileRef = 4AC87A462419ED4200D79639 /* click3.mp3 */; };
		4AC87A4A2419ED4200D79639 /* Lion King Eldigan.mp3 in Resources */ = {isa = PBXBuildFile; fileRef = 4AC87A472419ED4200D79639 /* Lion King Eldigan.mp3 */; };
		4AC87A4C241A3EB100D79639 /* PowerUpType.swift in Sources */ = {isa = PBXBuildFile; fileRef = 4AC87A4B241A3EB100D79639 /* PowerUpType.swift */; };
		4AC87A4E241AC12700D79639 /* PowerUpIconNode.swift in Sources */ = {isa = PBXBuildFile; fileRef = 4AC87A4D241AC12700D79639 /* PowerUpIconNode.swift */; };
		4AC87A50241BF31C00D79639 /* cast power up.mp3 in Resources */ = {isa = PBXBuildFile; fileRef = 4AC87A4F241BF31C00D79639 /* cast power up.mp3 */; };
		4AC87A54241E146800D79639 /* PowerUpContainerNode.swift in Sources */ = {isa = PBXBuildFile; fileRef = 4AC87A53241E146800D79639 /* PowerUpContainerNode.swift */; };
		4ACAF52B242A727F0062DDBA /* HomeViewController.swift in Sources */ = {isa = PBXBuildFile; fileRef = 4ACAF52A242A727F0062DDBA /* HomeViewController.swift */; };
		4ACC8BA92414C69800F235AE /* AppDelegate.swift in Sources */ = {isa = PBXBuildFile; fileRef = 4ACC8BA82414C69800F235AE /* AppDelegate.swift */; };
		4ACC8BB12414C69800F235AE /* GameViewController.swift in Sources */ = {isa = PBXBuildFile; fileRef = 4ACC8BB02414C69800F235AE /* GameViewController.swift */; };
		4ACC8BB42414C69800F235AE /* Main.storyboard in Resources */ = {isa = PBXBuildFile; fileRef = 4ACC8BB22414C69800F235AE /* Main.storyboard */; };
		4ACC8BB92414C69B00F235AE /* LaunchScreen.storyboard in Resources */ = {isa = PBXBuildFile; fileRef = 4ACC8BB72414C69B00F235AE /* LaunchScreen.storyboard */; };
		4ACC8BD22414D57900F235AE /* SpriteComponent.swift in Sources */ = {isa = PBXBuildFile; fileRef = 4ACC8BD12414D57900F235AE /* SpriteComponent.swift */; };
		4ACC8BD42414D71100F235AE /* EnemyEntity.swift in Sources */ = {isa = PBXBuildFile; fileRef = 4ACC8BD32414D71100F235AE /* EnemyEntity.swift */; };
		4ACC8BD62414D79F00F235AE /* GameEngine.swift in Sources */ = {isa = PBXBuildFile; fileRef = 4ACC8BD52414D79F00F235AE /* GameEngine.swift */; };
		4ACC8BDA2415322400F235AE /* HealthComponent.swift in Sources */ = {isa = PBXBuildFile; fileRef = 4ACC8BD92415322400F235AE /* HealthComponent.swift */; };
		4ACC8BDE2415324400F235AE /* ManaComponent.swift in Sources */ = {isa = PBXBuildFile; fileRef = 4ACC8BDD2415324400F235AE /* ManaComponent.swift */; };
		560DED9A242B902400A6D9A6 /* ScoreSystem.swift in Sources */ = {isa = PBXBuildFile; fileRef = 560DED99242B902400A6D9A6 /* ScoreSystem.swift */; };
		560DED9C242B902D00A6D9A6 /* ScoreComponent.swift in Sources */ = {isa = PBXBuildFile; fileRef = 560DED9B242B902D00A6D9A6 /* ScoreComponent.swift */; };
		560DEDA0242B9AC600A6D9A6 /* MultiplierComponent.swift in Sources */ = {isa = PBXBuildFile; fileRef = 560DED9F242B9AC600A6D9A6 /* MultiplierComponent.swift */; };
		561AA9BF242EF29C007CFFA5 /* LabelSystem.swift in Sources */ = {isa = PBXBuildFile; fileRef = C6A99CF3241FCD15003AE88A /* LabelSystem.swift */; };
		561DB6EB2421CBCE005FA871 /* CircleGestureRecognizer.swift in Sources */ = {isa = PBXBuildFile; fileRef = 561DB6EA2421CBCE005FA871 /* CircleGestureRecognizer.swift */; };
		563F3DED24171B4A009381B9 /* GameScene.swift in Sources */ = {isa = PBXBuildFile; fileRef = 563F3DEC24171B49009381B9 /* GameScene.swift */; };
		56445ECE242EFCE600D5DCBE /* ComboEntity.swift in Sources */ = {isa = PBXBuildFile; fileRef = 56445ECD242EFCE600D5DCBE /* ComboEntity.swift */; };
		565E032D2423CA31003B6C67 /* HellfirePowerUpEntity.swift in Sources */ = {isa = PBXBuildFile; fileRef = 565E032C2423CA31003B6C67 /* HellfirePowerUpEntity.swift */; };
		565E032F2423CC58003B6C67 /* IcePrisonPowerUpEntity.swift in Sources */ = {isa = PBXBuildFile; fileRef = 565E032E2423CC58003B6C67 /* IcePrisonPowerUpEntity.swift */; };
		566121D9241682DD00475CE1 /* DBPathRecognizer.swift in Sources */ = {isa = PBXBuildFile; fileRef = 566121D8241682DD00475CE1 /* DBPathRecognizer.swift */; };
		566121DB2416838000475CE1 /* CustomGesture.swift in Sources */ = {isa = PBXBuildFile; fileRef = 566121DA2416838000475CE1 /* CustomGesture.swift */; };
		566121DD24168ADC00475CE1 /* GestureComponent.swift in Sources */ = {isa = PBXBuildFile; fileRef = 566121DC24168ADC00475CE1 /* GestureComponent.swift */; };
		56A37558243824DD0088F655 /* SelectorViewController.swift in Sources */ = {isa = PBXBuildFile; fileRef = 56A37557243824DD0088F655 /* SelectorViewController.swift */; };
		56C85F832434B0B300B1ADA9 /* FirebaseKeys.swift in Sources */ = {isa = PBXBuildFile; fileRef = 56C85F822434B0B300B1ADA9 /* FirebaseKeys.swift */; };
		56D2A647242BBAAE00BDD5DC /* CollisionType.swift in Sources */ = {isa = PBXBuildFile; fileRef = 56D2A646242BBAAE00BDD5DC /* CollisionType.swift */; };
		56D2A649242C3BEB00BDD5DC /* ContactDelegate.swift in Sources */ = {isa = PBXBuildFile; fileRef = 56D2A648242C3BEB00BDD5DC /* ContactDelegate.swift */; };
		56D2A650242C502B00BDD5DC /* ComponentType.swift in Sources */ = {isa = PBXBuildFile; fileRef = 19D664C824207DDD00351C92 /* ComponentType.swift */; };
		56E82D6E2417E7B7009172C6 /* GestureNode.swift in Sources */ = {isa = PBXBuildFile; fileRef = 56E82D6D2417E7B7009172C6 /* GestureNode.swift */; };
		56E82D702417E9D2009172C6 /* GameConfig.swift in Sources */ = {isa = PBXBuildFile; fileRef = 56E82D6F2417E9D2009172C6 /* GameConfig.swift */; };
		56EDD275242DC1EE0044B445 /* ScoreNode.swift in Sources */ = {isa = PBXBuildFile; fileRef = 56EDD274242DC1EE0044B445 /* ScoreNode.swift */; };
		56EDD277242E507D0044B445 /* TimerComponent.swift in Sources */ = {isa = PBXBuildFile; fileRef = 56EDD276242E507D0044B445 /* TimerComponent.swift */; };
		56EDD279242E58BA0044B445 /* TimerSystem.swift in Sources */ = {isa = PBXBuildFile; fileRef = 56EDD278242E58BA0044B445 /* TimerSystem.swift */; };
		56FC8CF02434202100B6DBC9 /* GoogleService-Info.plist in Resources */ = {isa = PBXBuildFile; fileRef = 56FC8CEF2434200E00B6DBC9 /* GoogleService-Info.plist */; };
		56FC8CF12434202200B6DBC9 /* GoogleService-Info.plist in Resources */ = {isa = PBXBuildFile; fileRef = 56FC8CEF2434200E00B6DBC9 /* GoogleService-Info.plist */; };
		56FC8CF4243426A800B6DBC9 /* NetworkModel.swift in Sources */ = {isa = PBXBuildFile; fileRef = 56FC8CF3243426A800B6DBC9 /* NetworkModel.swift */; };
		56FC8CF624342CF300B6DBC9 /* NetworkInterface.swift in Sources */ = {isa = PBXBuildFile; fileRef = 56FC8CF524342CF300B6DBC9 /* NetworkInterface.swift */; };
		56FC8CF82434320B00B6DBC9 /* FirebaseNetwork.swift in Sources */ = {isa = PBXBuildFile; fileRef = 56FC8CF72434320B00B6DBC9 /* FirebaseNetwork.swift */; };
		56FC8CFA2434393D00B6DBC9 /* FirebaseNetwork+Util.swift in Sources */ = {isa = PBXBuildFile; fileRef = 56FC8CF92434393D00B6DBC9 /* FirebaseNetwork+Util.swift */; };
		56FFE166241B5BDC00ED4D74 /* GestureAreaNode.swift in Sources */ = {isa = PBXBuildFile; fileRef = 56FFE165241B5BDB00ED4D74 /* GestureAreaNode.swift */; };
		8A1EB6C4242782F700CA6AC8 /* GameStateMachineTest.swift in Sources */ = {isa = PBXBuildFile; fileRef = 8A1EB6C3242782F700CA6AC8 /* GameStateMachineTest.swift */; };
		8A1EB6C62427900000CA6AC8 /* GameStateTest.swift in Sources */ = {isa = PBXBuildFile; fileRef = 8A1EB6C52427900000CA6AC8 /* GameStateTest.swift */; };
		8A2C033D242EF0B000A8EC96 /* EnemySpawnUnit.swift in Sources */ = {isa = PBXBuildFile; fileRef = 8A2C033C242EF0B000A8EC96 /* EnemySpawnUnit.swift */; };
		8A2C0340242EF10000A8EC96 /* LevelWaveError.swift in Sources */ = {isa = PBXBuildFile; fileRef = 8A2C033F242EF10000A8EC96 /* LevelWaveError.swift */; };
		8A2C0342242EF19000A8EC96 /* EnemySpawnUnitTest.swift in Sources */ = {isa = PBXBuildFile; fileRef = 8A2C0341242EF19000A8EC96 /* EnemySpawnUnitTest.swift */; };
		8A3C4DE2242F15DE0022FD59 /* LevelCreator.swift in Sources */ = {isa = PBXBuildFile; fileRef = 8A3C4DE1242F15DE0022FD59 /* LevelCreator.swift */; };
		8A3C4DE4242F398A0022FD59 /* SpawnDelegate.swift in Sources */ = {isa = PBXBuildFile; fileRef = 8A3C4DE3242F398A0022FD59 /* SpawnDelegate.swift */; };
		8A5CE9B624187C1A00BEC4B9 /* GameInPlayState.swift in Sources */ = {isa = PBXBuildFile; fileRef = 8A5CE9B524187C1A00BEC4B9 /* GameInPlayState.swift */; };
		8A5CE9B824187EBB00BEC4B9 /* GameStartState.swift in Sources */ = {isa = PBXBuildFile; fileRef = 8A5CE9B724187EBA00BEC4B9 /* GameStartState.swift */; };
		8A5CE9BA24187ED300BEC4B9 /* GamePauseState.swift in Sources */ = {isa = PBXBuildFile; fileRef = 8A5CE9B924187ED300BEC4B9 /* GamePauseState.swift */; };
		8A5CE9BC24187EE600BEC4B9 /* GameEndState.swift in Sources */ = {isa = PBXBuildFile; fileRef = 8A5CE9BB24187EE600BEC4B9 /* GameEndState.swift */; };
		8A5CE9BE24187F2300BEC4B9 /* SceneManager.swift in Sources */ = {isa = PBXBuildFile; fileRef = 8A5CE9BD24187F2300BEC4B9 /* SceneManager.swift */; };
		8A5CE9C52418874E00BEC4B9 /* GamePauseScene.swift in Sources */ = {isa = PBXBuildFile; fileRef = 8A5CE9C42418874E00BEC4B9 /* GamePauseScene.swift */; };
		8A5CE9C72418893B00BEC4B9 /* ButtonNode.swift in Sources */ = {isa = PBXBuildFile; fileRef = 8A5CE9C62418893B00BEC4B9 /* ButtonNode.swift */; };
		8A5CE9C924189AC800BEC4B9 /* GameEndScene.swift in Sources */ = {isa = PBXBuildFile; fileRef = 8A5CE9C824189AC800BEC4B9 /* GameEndScene.swift */; };
		8A5CE9CB24189FF700BEC4B9 /* GameStateMachine.swift in Sources */ = {isa = PBXBuildFile; fileRef = 8A5CE9CA24189FF700BEC4B9 /* GameStateMachine.swift */; };
		8A712E7E242318C900B3824E /* DarkVortexPowerUpEntity.swift in Sources */ = {isa = PBXBuildFile; fileRef = 8A712E7D242318C900B3824E /* DarkVortexPowerUpEntity.swift */; };
		8A712E8024235EB000B3824E /* PowerUpEntity.swift in Sources */ = {isa = PBXBuildFile; fileRef = 8A712E7F24235EB000B3824E /* PowerUpEntity.swift */; };
		8A712E822423693200B3824E /* SpriteLayerType.swift in Sources */ = {isa = PBXBuildFile; fileRef = 8A712E812423693200B3824E /* SpriteLayerType.swift */; };
		8A76F9C4242FA9E100917D3F /* LevelCreatorTest.swift in Sources */ = {isa = PBXBuildFile; fileRef = 8A76F9C3242FA9E100917D3F /* LevelCreatorTest.swift */; };
		8AAADE4B24191D8D00606298 /* TapResponder.swift in Sources */ = {isa = PBXBuildFile; fileRef = 8AAADE4A24191D8D00606298 /* TapResponder.swift */; };
		8AAE9C01241E2DF300D29593 /* DroppedManaNode.swift in Sources */ = {isa = PBXBuildFile; fileRef = 8AAE9C00241E2DF300D29593 /* DroppedManaNode.swift */; };
		8AAE9C03241E335400D29593 /* DroppedManaEntity.swift in Sources */ = {isa = PBXBuildFile; fileRef = 8AAE9C02241E335400D29593 /* DroppedManaEntity.swift */; };
		8AAE9C05241E42D700D29593 /* DroppedManaResponder.swift in Sources */ = {isa = PBXBuildFile; fileRef = 8AAE9C04241E42D600D29593 /* DroppedManaResponder.swift */; };
		8AAE9C07241E450300D29593 /* TextureContainer.swift in Sources */ = {isa = PBXBuildFile; fileRef = 8AAE9C06241E450300D29593 /* TextureContainer.swift */; };
		C60EAF62242E24AF0037BEAC /* PlayerEntity.swift in Sources */ = {isa = PBXBuildFile; fileRef = C60EAF61242E24AF0037BEAC /* PlayerEntity.swift */; };
		C60EAF64242E26A00037BEAC /* PlayerComponent.swift in Sources */ = {isa = PBXBuildFile; fileRef = C60EAF63242E26A00037BEAC /* PlayerComponent.swift */; };
		C60EAF66242E2A350037BEAC /* PlayerSystem.swift in Sources */ = {isa = PBXBuildFile; fileRef = C60EAF65242E2A350037BEAC /* PlayerSystem.swift */; };
		C632912E2424ED4F005C11D1 /* CircleResult.swift in Sources */ = {isa = PBXBuildFile; fileRef = C632912D2424ED4F005C11D1 /* CircleResult.swift */; };
		C69B1D64242684B200D8D0D3 /* BaseUnitTest.swift in Sources */ = {isa = PBXBuildFile; fileRef = C69B1D63242684B200D8D0D3 /* BaseUnitTest.swift */; };
		C69B1D662426855400D8D0D3 /* GameEngineTest.swift in Sources */ = {isa = PBXBuildFile; fileRef = C69B1D652426855400D8D0D3 /* GameEngineTest.swift */; };
		C6A99CF0241FCAD0003AE88A /* TimerEntity.swift in Sources */ = {isa = PBXBuildFile; fileRef = C6A99CEF241FCAD0003AE88A /* TimerEntity.swift */; };
		C6A99CF2241FCC2D003AE88A /* LabelComponent.swift in Sources */ = {isa = PBXBuildFile; fileRef = C6A99CF1241FCC2D003AE88A /* LabelComponent.swift */; };
		C6AC47652430AF290078D5F1 /* EnemyTypeComponent.swift in Sources */ = {isa = PBXBuildFile; fileRef = C6AC47642430AF290078D5F1 /* EnemyTypeComponent.swift */; };
		C6AC47672430B0380078D5F1 /* ParentEntityComponent.swift in Sources */ = {isa = PBXBuildFile; fileRef = C6AC47662430B0380078D5F1 /* ParentEntityComponent.swift */; };
		C6AC47692430B0C90078D5F1 /* GestureEntityComponent.swift in Sources */ = {isa = PBXBuildFile; fileRef = C6AC47682430B0C90078D5F1 /* GestureEntityComponent.swift */; };
		C6AC476B2430BF670078D5F1 /* EnemyEntityTest.swift in Sources */ = {isa = PBXBuildFile; fileRef = C6AC476A2430BF670078D5F1 /* EnemyEntityTest.swift */; };
		C6AFF67B2419101B0076F02B /* GestureEntity.swift in Sources */ = {isa = PBXBuildFile; fileRef = C6AFF67A2419101B0076F02B /* GestureEntity.swift */; };
		C6AFF67E24191A2A0076F02B /* SystemDelegate.swift in Sources */ = {isa = PBXBuildFile; fileRef = C6AFF67D24191A2A0076F02B /* SystemDelegate.swift */; };
		C6AFF681241923410076F02B /* RemoveDelegate.swift in Sources */ = {isa = PBXBuildFile; fileRef = C6AFF680241923410076F02B /* RemoveDelegate.swift */; };
		C6AFF683241A5FC40076F02B /* GameMetaData.swift in Sources */ = {isa = PBXBuildFile; fileRef = C6AFF682241A5FC40076F02B /* GameMetaData.swift */; };
		C6AFF685241A61650076F02B /* HealthSystem.swift in Sources */ = {isa = PBXBuildFile; fileRef = C6AFF684241A61650076F02B /* HealthSystem.swift */; };
		C6AFF687241A66360076F02B /* System.swift in Sources */ = {isa = PBXBuildFile; fileRef = C6AFF686241A66360076F02B /* System.swift */; };
		C6AFF689241A67430076F02B /* ManaSystem.swift in Sources */ = {isa = PBXBuildFile; fileRef = C6AFF688241A67430076F02B /* ManaSystem.swift */; };
		C6AFF68B241A674A0076F02B /* MoveSystem.swift in Sources */ = {isa = PBXBuildFile; fileRef = C6AFF68A241A674A0076F02B /* MoveSystem.swift */; };
		C6AFF68D241A7A530076F02B /* SpriteSystem.swift in Sources */ = {isa = PBXBuildFile; fileRef = C6AFF68C241A7A530076F02B /* SpriteSystem.swift */; };
		C6B322DC241B9701001072AE /* .swiftlint.yml in Resources */ = {isa = PBXBuildFile; fileRef = C6B322DB241B9701001072AE /* .swiftlint.yml */; };
		C6B322DE241BC7AB001072AE /* EntityType.swift in Sources */ = {isa = PBXBuildFile; fileRef = C6B322DD241BC7AB001072AE /* EntityType.swift */; };
		C6B322EA241DFF4D001072AE /* Entity.swift in Sources */ = {isa = PBXBuildFile; fileRef = C6B322E9241DFF4D001072AE /* Entity.swift */; };
/* End PBXBuildFile section */

/* Begin PBXContainerItemProxy section */
		4ACC8BC02414C69B00F235AE /* PBXContainerItemProxy */ = {
			isa = PBXContainerItemProxy;
			containerPortal = 4ACC8B9D2414C69800F235AE /* Project object */;
			proxyType = 1;
			remoteGlobalIDString = 4ACC8BA42414C69800F235AE;
			remoteInfo = GameOfRunes;
		};
/* End PBXContainerItemProxy section */

/* Begin PBXFileReference section */
		19D664C824207DDD00351C92 /* ComponentType.swift */ = {isa = PBXFileReference; lastKnownFileType = sourcecode.swift; path = ComponentType.swift; sourceTree = "<group>"; };
		19D664CA24207ECE00351C92 /* Component.swift */ = {isa = PBXFileReference; lastKnownFileType = sourcecode.swift; path = Component.swift; sourceTree = "<group>"; };
		4A09C4EB242E465200CA7625 /* GameMapScene.swift */ = {isa = PBXFileReference; lastKnownFileType = sourcecode.swift; path = GameMapScene.swift; sourceTree = "<group>"; };
		4A09C4ED242E5E0900CA7625 /* GameSelectionState.swift */ = {isa = PBXFileReference; lastKnownFileType = sourcecode.swift; path = GameSelectionState.swift; sourceTree = "<group>"; };
		4A09C4F2242FC36200CA7625 /* Stage.swift */ = {isa = PBXFileReference; lastKnownFileType = sourcecode.swift; path = Stage.swift; sourceTree = "<group>"; };
		4A09C4F7242FCBDD00CA7625 /* StageNode.swift */ = {isa = PBXFileReference; lastKnownFileType = sourcecode.swift; path = StageNode.swift; sourceTree = "<group>"; };
		4A09C4F9242FE41900CA7625 /* StagePreviewNode.swift */ = {isa = PBXFileReference; lastKnownFileType = sourcecode.swift; path = StagePreviewNode.swift; sourceTree = "<group>"; };
		4A09C4FC242FE4DF00CA7625 /* StagePreviewLabelNode.swift */ = {isa = PBXFileReference; lastKnownFileType = sourcecode.swift; path = StagePreviewLabelNode.swift; sourceTree = "<group>"; };
		4A09C4FE242FE50300CA7625 /* BattleNode.swift */ = {isa = PBXFileReference; lastKnownFileType = sourcecode.swift; path = BattleNode.swift; sourceTree = "<group>"; };
		4A09C50224300D8700CA7625 /* AchievementBadgeNode.swift */ = {isa = PBXFileReference; lastKnownFileType = sourcecode.swift; path = AchievementBadgeNode.swift; sourceTree = "<group>"; };
		4A1B33362432397600B67B91 /* GeneratedMocks.swift */ = {isa = PBXFileReference; fileEncoding = 4; lastKnownFileType = sourcecode.swift; path = GeneratedMocks.swift; sourceTree = "<group>"; };
		4A1B33382432615C00B67B91 /* AttractionEntity.swift */ = {isa = PBXFileReference; lastKnownFileType = sourcecode.swift; path = AttractionEntity.swift; sourceTree = "<group>"; };
		4A6213DB2430941000FABB48 /* AvatarOverviewNode.swift */ = {isa = PBXFileReference; lastKnownFileType = sourcecode.swift; path = AvatarOverviewNode.swift; sourceTree = "<group>"; };
		4A6213DD24309B0500FABB48 /* AvatarSelectionNode.swift */ = {isa = PBXFileReference; lastKnownFileType = sourcecode.swift; path = AvatarSelectionNode.swift; sourceTree = "<group>"; };
		4A6213DF24309CDE00FABB48 /* Avatar.swift */ = {isa = PBXFileReference; lastKnownFileType = sourcecode.swift; path = Avatar.swift; sourceTree = "<group>"; };
		4A6213E12430A9BB00FABB48 /* PowerUpDescriptionNode.swift */ = {isa = PBXFileReference; lastKnownFileType = sourcecode.swift; path = PowerUpDescriptionNode.swift; sourceTree = "<group>"; };
		4A6213E32430B61700FABB48 /* AvatarLabelNode.swift */ = {isa = PBXFileReference; lastKnownFileType = sourcecode.swift; path = AvatarLabelNode.swift; sourceTree = "<group>"; };
		4A6213E92430BDD600FABB48 /* ArrowNode.swift */ = {isa = PBXFileReference; lastKnownFileType = sourcecode.swift; path = ArrowNode.swift; sourceTree = "<group>"; };
		4A6213EB2430D19500FABB48 /* SelectedPowerUpResponder.swift */ = {isa = PBXFileReference; lastKnownFileType = sourcecode.swift; path = SelectedPowerUpResponder.swift; sourceTree = "<group>"; };
		4A6213ED2430DA8E00FABB48 /* DescriptionNode.swift */ = {isa = PBXFileReference; lastKnownFileType = sourcecode.swift; path = DescriptionNode.swift; sourceTree = "<group>"; };
		4A72EB432420061A005FA909 /* SummonNode.swift */ = {isa = PBXFileReference; lastKnownFileType = sourcecode.swift; path = SummonNode.swift; sourceTree = "<group>"; };
		4A72EB4524200BE6005FA909 /* ButtonType.swift */ = {isa = PBXFileReference; lastKnownFileType = sourcecode.swift; path = ButtonType.swift; sourceTree = "<group>"; };
		4A72EB4724211F57005FA909 /* PowerUpNode.swift */ = {isa = PBXFileReference; lastKnownFileType = sourcecode.swift; path = PowerUpNode.swift; sourceTree = "<group>"; };
		4A768F102430148E000F3F05 /* StageSelectionNode.swift */ = {isa = PBXFileReference; lastKnownFileType = sourcecode.swift; path = StageSelectionNode.swift; sourceTree = "<group>"; };
		4A768F142430157F000F3F05 /* CancelNode.swift */ = {isa = PBXFileReference; lastKnownFileType = sourcecode.swift; path = CancelNode.swift; sourceTree = "<group>"; };
		4A768F162430173C000F3F05 /* PlayNode.swift */ = {isa = PBXFileReference; lastKnownFileType = sourcecode.swift; path = PlayNode.swift; sourceTree = "<group>"; };
		4A768F1824302079000F3F05 /* StageOverviewNode.swift */ = {isa = PBXFileReference; lastKnownFileType = sourcecode.swift; path = StageOverviewNode.swift; sourceTree = "<group>"; };
		4A768F1A243022DA000F3F05 /* StageOverviewLabelNode.swift */ = {isa = PBXFileReference; lastKnownFileType = sourcecode.swift; path = StageOverviewLabelNode.swift; sourceTree = "<group>"; };
		4A768F1C24307DC9000F3F05 /* StageOverviewDescriptionNode.swift */ = {isa = PBXFileReference; lastKnownFileType = sourcecode.swift; path = StageOverviewDescriptionNode.swift; sourceTree = "<group>"; };
		4A768F1E24307EE7000F3F05 /* StackedLabelsNode.swift */ = {isa = PBXFileReference; lastKnownFileType = sourcecode.swift; path = StackedLabelsNode.swift; sourceTree = "<group>"; };
		4A8F0AA724191BBF00CD730B /* PlayerAreaNode.swift */ = {isa = PBXFileReference; lastKnownFileType = sourcecode.swift; path = PlayerAreaNode.swift; sourceTree = "<group>"; };
		4AA508C12415762800D9ADE4 /* HVD_Comic_Serif_Pro.otf */ = {isa = PBXFileReference; lastKnownFileType = file; path = HVD_Comic_Serif_Pro.otf; sourceTree = "<group>"; };
		4AA508C72415E0FF00D9ADE4 /* Dragon Fire.ttf */ = {isa = PBXFileReference; lastKnownFileType = file; path = "Dragon Fire.ttf"; sourceTree = "<group>"; };
		4AA508CA2416170600D9ADE4 /* ArenaType.swift */ = {isa = PBXFileReference; lastKnownFileType = sourcecode.swift; path = ArenaType.swift; sourceTree = "<group>"; };
		4AA508CC24161A1900D9ADE4 /* EnemyType.swift */ = {isa = PBXFileReference; lastKnownFileType = sourcecode.swift; path = EnemyType.swift; sourceTree = "<group>"; };
		4AA508CE24161EFA00D9ADE4 /* MoveComponent.swift */ = {isa = PBXFileReference; lastKnownFileType = sourcecode.swift; path = MoveComponent.swift; sourceTree = "<group>"; };
		4AA508D124161F3200D9ADE4 /* MoveBehavior.swift */ = {isa = PBXFileReference; lastKnownFileType = sourcecode.swift; path = MoveBehavior.swift; sourceTree = "<group>"; };
		4AA508D4241622B900D9ADE4 /* GKAgent2D+typeConversionHelpers.swift */ = {isa = PBXFileReference; lastKnownFileType = sourcecode.swift; path = "GKAgent2D+typeConversionHelpers.swift"; sourceTree = "<group>"; };
		4AA5B35F241646DF008D4953 /* EndPointEntity.swift */ = {isa = PBXFileReference; lastKnownFileType = sourcecode.swift; path = EndPointEntity.swift; sourceTree = "<group>"; };
		4AA5B36124164FC9008D4953 /* Team.swift */ = {isa = PBXFileReference; lastKnownFileType = sourcecode.swift; path = Team.swift; sourceTree = "<group>"; };
		4AA5B363241650A1008D4953 /* TeamComponent.swift */ = {isa = PBXFileReference; lastKnownFileType = sourcecode.swift; path = TeamComponent.swift; sourceTree = "<group>"; };
		4AA5B36524165601008D4953 /* CGPoint+pointManipulationHelpers.swift */ = {isa = PBXFileReference; lastKnownFileType = sourcecode.swift; path = "CGPoint+pointManipulationHelpers.swift"; sourceTree = "<group>"; };
		4AA5B3712416BB6B008D4953 /* HealthBarNode.swift */ = {isa = PBXFileReference; lastKnownFileType = sourcecode.swift; path = HealthBarNode.swift; sourceTree = "<group>"; };
		4AA5B3732416BF5E008D4953 /* HealthNode.swift */ = {isa = PBXFileReference; lastKnownFileType = sourcecode.swift; path = HealthNode.swift; sourceTree = "<group>"; };
		4AA5B3752416C6BB008D4953 /* CGSize+resizeHelpers.swift */ = {isa = PBXFileReference; lastKnownFileType = sourcecode.swift; path = "CGSize+resizeHelpers.swift"; sourceTree = "<group>"; };
		4AA5B3772416CE7B008D4953 /* CGVector+vectorManipulationHelpers.swift */ = {isa = PBXFileReference; lastKnownFileType = sourcecode.swift; path = "CGVector+vectorManipulationHelpers.swift"; sourceTree = "<group>"; };
		4AA5B3792417625D008D4953 /* ManaBarNode.swift */ = {isa = PBXFileReference; lastKnownFileType = sourcecode.swift; path = ManaBarNode.swift; sourceTree = "<group>"; };
		4AA5B37B241769C4008D4953 /* ProgressBarNode.swift */ = {isa = PBXFileReference; lastKnownFileType = sourcecode.swift; path = ProgressBarNode.swift; sourceTree = "<group>"; };
		4AA5B37D24176D00008D4953 /* UIColor+hexColorCodeInitializer.swift */ = {isa = PBXFileReference; lastKnownFileType = sourcecode.swift; path = "UIColor+hexColorCodeInitializer.swift"; sourceTree = "<group>"; };
		4AA5B37F2417879B008D4953 /* Assets.xcassets */ = {isa = PBXFileReference; lastKnownFileType = folder.assetcatalog; path = Assets.xcassets; sourceTree = "<group>"; };
		4AA5B3812417B8D7008D4953 /* BarDividerNode.swift */ = {isa = PBXFileReference; lastKnownFileType = sourcecode.swift; path = BarDividerNode.swift; sourceTree = "<group>"; };
		4AA5B3832417BA71008D4953 /* SKSpriteNode+helpers.swift */ = {isa = PBXFileReference; lastKnownFileType = sourcecode.swift; path = "SKSpriteNode+helpers.swift"; sourceTree = "<group>"; };
		4AB47A3E2423F0F700EDADC1 /* ManaType.swift */ = {isa = PBXFileReference; lastKnownFileType = sourcecode.swift; path = ManaType.swift; sourceTree = "<group>"; };
		4AB6BDF4242789D80046F5AB /* HealthBarNodeTest.swift */ = {isa = PBXFileReference; lastKnownFileType = sourcecode.swift; path = HealthBarNodeTest.swift; sourceTree = "<group>"; };
		4AB6BDF624278D840046F5AB /* ManaBarNodeTest.swift */ = {isa = PBXFileReference; lastKnownFileType = sourcecode.swift; path = ManaBarNodeTest.swift; sourceTree = "<group>"; };
		4AC87A452419ED4100D79639 /* click1.mp3 */ = {isa = PBXFileReference; lastKnownFileType = audio.mp3; path = click1.mp3; sourceTree = "<group>"; };
		4AC87A462419ED4200D79639 /* click3.mp3 */ = {isa = PBXFileReference; lastKnownFileType = audio.mp3; path = click3.mp3; sourceTree = "<group>"; };
		4AC87A472419ED4200D79639 /* Lion King Eldigan.mp3 */ = {isa = PBXFileReference; lastKnownFileType = audio.mp3; path = "Lion King Eldigan.mp3"; sourceTree = "<group>"; };
		4AC87A4B241A3EB100D79639 /* PowerUpType.swift */ = {isa = PBXFileReference; lastKnownFileType = sourcecode.swift; path = PowerUpType.swift; sourceTree = "<group>"; };
		4AC87A4D241AC12700D79639 /* PowerUpIconNode.swift */ = {isa = PBXFileReference; lastKnownFileType = sourcecode.swift; path = PowerUpIconNode.swift; sourceTree = "<group>"; };
		4AC87A4F241BF31C00D79639 /* cast power up.mp3 */ = {isa = PBXFileReference; lastKnownFileType = audio.mp3; path = "cast power up.mp3"; sourceTree = "<group>"; };
		4AC87A53241E146800D79639 /* PowerUpContainerNode.swift */ = {isa = PBXFileReference; lastKnownFileType = sourcecode.swift; path = PowerUpContainerNode.swift; sourceTree = "<group>"; };
		4ACAF52A242A727F0062DDBA /* HomeViewController.swift */ = {isa = PBXFileReference; lastKnownFileType = sourcecode.swift; path = HomeViewController.swift; sourceTree = "<group>"; };
		4ACC8BA52414C69800F235AE /* GameOfRunes.app */ = {isa = PBXFileReference; explicitFileType = wrapper.application; includeInIndex = 0; path = GameOfRunes.app; sourceTree = BUILT_PRODUCTS_DIR; };
		4ACC8BA82414C69800F235AE /* AppDelegate.swift */ = {isa = PBXFileReference; lastKnownFileType = sourcecode.swift; path = AppDelegate.swift; sourceTree = "<group>"; };
		4ACC8BB02414C69800F235AE /* GameViewController.swift */ = {isa = PBXFileReference; lastKnownFileType = sourcecode.swift; path = GameViewController.swift; sourceTree = "<group>"; };
		4ACC8BB32414C69800F235AE /* Base */ = {isa = PBXFileReference; lastKnownFileType = file.storyboard; name = Base; path = Base.lproj/Main.storyboard; sourceTree = "<group>"; };
		4ACC8BB82414C69B00F235AE /* Base */ = {isa = PBXFileReference; lastKnownFileType = file.storyboard; name = Base; path = Base.lproj/LaunchScreen.storyboard; sourceTree = "<group>"; };
		4ACC8BBA2414C69B00F235AE /* Info.plist */ = {isa = PBXFileReference; lastKnownFileType = text.plist.xml; path = Info.plist; sourceTree = "<group>"; };
		4ACC8BBF2414C69B00F235AE /* GameOfRunesTests.xctest */ = {isa = PBXFileReference; explicitFileType = wrapper.cfbundle; includeInIndex = 0; path = GameOfRunesTests.xctest; sourceTree = BUILT_PRODUCTS_DIR; };
		4ACC8BC52414C69B00F235AE /* Info.plist */ = {isa = PBXFileReference; lastKnownFileType = text.plist.xml; path = Info.plist; sourceTree = "<group>"; };
		4ACC8BD12414D57900F235AE /* SpriteComponent.swift */ = {isa = PBXFileReference; lastKnownFileType = sourcecode.swift; path = SpriteComponent.swift; sourceTree = "<group>"; };
		4ACC8BD32414D71100F235AE /* EnemyEntity.swift */ = {isa = PBXFileReference; lastKnownFileType = sourcecode.swift; path = EnemyEntity.swift; sourceTree = "<group>"; };
		4ACC8BD52414D79F00F235AE /* GameEngine.swift */ = {isa = PBXFileReference; lastKnownFileType = sourcecode.swift; path = GameEngine.swift; sourceTree = "<group>"; };
		4ACC8BD92415322400F235AE /* HealthComponent.swift */ = {isa = PBXFileReference; lastKnownFileType = sourcecode.swift; path = HealthComponent.swift; sourceTree = "<group>"; };
		4ACC8BDD2415324400F235AE /* ManaComponent.swift */ = {isa = PBXFileReference; lastKnownFileType = sourcecode.swift; path = ManaComponent.swift; sourceTree = "<group>"; };
		560DED99242B902400A6D9A6 /* ScoreSystem.swift */ = {isa = PBXFileReference; lastKnownFileType = sourcecode.swift; path = ScoreSystem.swift; sourceTree = "<group>"; };
		560DED9B242B902D00A6D9A6 /* ScoreComponent.swift */ = {isa = PBXFileReference; lastKnownFileType = sourcecode.swift; path = ScoreComponent.swift; sourceTree = "<group>"; };
		560DED9F242B9AC600A6D9A6 /* MultiplierComponent.swift */ = {isa = PBXFileReference; lastKnownFileType = sourcecode.swift; path = MultiplierComponent.swift; sourceTree = "<group>"; };
		561DB6EA2421CBCE005FA871 /* CircleGestureRecognizer.swift */ = {isa = PBXFileReference; lastKnownFileType = sourcecode.swift; path = CircleGestureRecognizer.swift; sourceTree = "<group>"; };
		563F3DEC24171B49009381B9 /* GameScene.swift */ = {isa = PBXFileReference; fileEncoding = 4; lastKnownFileType = sourcecode.swift; path = GameScene.swift; sourceTree = "<group>"; };
		56445ECD242EFCE600D5DCBE /* ComboEntity.swift */ = {isa = PBXFileReference; lastKnownFileType = sourcecode.swift; path = ComboEntity.swift; sourceTree = "<group>"; };
		565E032C2423CA31003B6C67 /* HellfirePowerUpEntity.swift */ = {isa = PBXFileReference; lastKnownFileType = sourcecode.swift; path = HellfirePowerUpEntity.swift; sourceTree = "<group>"; };
		565E032E2423CC58003B6C67 /* IcePrisonPowerUpEntity.swift */ = {isa = PBXFileReference; lastKnownFileType = sourcecode.swift; path = IcePrisonPowerUpEntity.swift; sourceTree = "<group>"; };
		566121D8241682DD00475CE1 /* DBPathRecognizer.swift */ = {isa = PBXFileReference; lastKnownFileType = sourcecode.swift; path = DBPathRecognizer.swift; sourceTree = "<group>"; };
		566121DA2416838000475CE1 /* CustomGesture.swift */ = {isa = PBXFileReference; lastKnownFileType = sourcecode.swift; path = CustomGesture.swift; sourceTree = "<group>"; };
		566121DC24168ADC00475CE1 /* GestureComponent.swift */ = {isa = PBXFileReference; lastKnownFileType = sourcecode.swift; path = GestureComponent.swift; sourceTree = "<group>"; };
		56A37557243824DD0088F655 /* SelectorViewController.swift */ = {isa = PBXFileReference; lastKnownFileType = sourcecode.swift; path = SelectorViewController.swift; sourceTree = "<group>"; };
		56C85F822434B0B300B1ADA9 /* FirebaseKeys.swift */ = {isa = PBXFileReference; lastKnownFileType = sourcecode.swift; path = FirebaseKeys.swift; sourceTree = "<group>"; };
		56D2A646242BBAAE00BDD5DC /* CollisionType.swift */ = {isa = PBXFileReference; lastKnownFileType = sourcecode.swift; path = CollisionType.swift; sourceTree = "<group>"; };
		56D2A648242C3BEB00BDD5DC /* ContactDelegate.swift */ = {isa = PBXFileReference; lastKnownFileType = sourcecode.swift; path = ContactDelegate.swift; sourceTree = "<group>"; };
		56E82D6D2417E7B7009172C6 /* GestureNode.swift */ = {isa = PBXFileReference; lastKnownFileType = sourcecode.swift; path = GestureNode.swift; sourceTree = "<group>"; };
		56E82D6F2417E9D2009172C6 /* GameConfig.swift */ = {isa = PBXFileReference; lastKnownFileType = sourcecode.swift; path = GameConfig.swift; sourceTree = "<group>"; };
		56EDD274242DC1EE0044B445 /* ScoreNode.swift */ = {isa = PBXFileReference; lastKnownFileType = sourcecode.swift; path = ScoreNode.swift; sourceTree = "<group>"; };
		56EDD276242E507D0044B445 /* TimerComponent.swift */ = {isa = PBXFileReference; lastKnownFileType = sourcecode.swift; path = TimerComponent.swift; sourceTree = "<group>"; };
		56EDD278242E58BA0044B445 /* TimerSystem.swift */ = {isa = PBXFileReference; lastKnownFileType = sourcecode.swift; path = TimerSystem.swift; sourceTree = "<group>"; };
		56F305012431EFFD0025EA9A /* GeneratedMocks.swift */ = {isa = PBXFileReference; fileEncoding = 4; lastKnownFileType = sourcecode.swift; path = GeneratedMocks.swift; sourceTree = "<group>"; };
		56FC8CEF2434200E00B6DBC9 /* GoogleService-Info.plist */ = {isa = PBXFileReference; lastKnownFileType = text.plist.xml; name = "GoogleService-Info.plist"; path = "/Users/andyylam/Desktop/TeamHoWan/GameOfRunes/GameOfRunes/GoogleService-Info.plist"; sourceTree = "<absolute>"; };
		56FC8CF3243426A800B6DBC9 /* NetworkModel.swift */ = {isa = PBXFileReference; lastKnownFileType = sourcecode.swift; path = NetworkModel.swift; sourceTree = "<group>"; };
		56FC8CF524342CF300B6DBC9 /* NetworkInterface.swift */ = {isa = PBXFileReference; lastKnownFileType = sourcecode.swift; path = NetworkInterface.swift; sourceTree = "<group>"; };
		56FC8CF72434320B00B6DBC9 /* FirebaseNetwork.swift */ = {isa = PBXFileReference; lastKnownFileType = sourcecode.swift; path = FirebaseNetwork.swift; sourceTree = "<group>"; };
		56FC8CF92434393D00B6DBC9 /* FirebaseNetwork+Util.swift */ = {isa = PBXFileReference; lastKnownFileType = sourcecode.swift; path = "FirebaseNetwork+Util.swift"; sourceTree = "<group>"; };
		56FFE165241B5BDB00ED4D74 /* GestureAreaNode.swift */ = {isa = PBXFileReference; fileEncoding = 4; lastKnownFileType = sourcecode.swift; path = GestureAreaNode.swift; sourceTree = "<group>"; };
		6C5C802F7ABE04422FCADC58 /* Pods-GameOfRunesTests.debug.xcconfig */ = {isa = PBXFileReference; includeInIndex = 1; lastKnownFileType = text.xcconfig; name = "Pods-GameOfRunesTests.debug.xcconfig"; path = "Target Support Files/Pods-GameOfRunesTests/Pods-GameOfRunesTests.debug.xcconfig"; sourceTree = "<group>"; };
		8A1EB6C3242782F700CA6AC8 /* GameStateMachineTest.swift */ = {isa = PBXFileReference; lastKnownFileType = sourcecode.swift; path = GameStateMachineTest.swift; sourceTree = "<group>"; };
		8A1EB6C52427900000CA6AC8 /* GameStateTest.swift */ = {isa = PBXFileReference; lastKnownFileType = sourcecode.swift; path = GameStateTest.swift; sourceTree = "<group>"; };
		8A2C033C242EF0B000A8EC96 /* EnemySpawnUnit.swift */ = {isa = PBXFileReference; lastKnownFileType = sourcecode.swift; path = EnemySpawnUnit.swift; sourceTree = "<group>"; };
		8A2C033F242EF10000A8EC96 /* LevelWaveError.swift */ = {isa = PBXFileReference; lastKnownFileType = sourcecode.swift; path = LevelWaveError.swift; sourceTree = "<group>"; };
		8A2C0341242EF19000A8EC96 /* EnemySpawnUnitTest.swift */ = {isa = PBXFileReference; lastKnownFileType = sourcecode.swift; path = EnemySpawnUnitTest.swift; sourceTree = "<group>"; };
		8A3C4DE1242F15DE0022FD59 /* LevelCreator.swift */ = {isa = PBXFileReference; lastKnownFileType = sourcecode.swift; path = LevelCreator.swift; sourceTree = "<group>"; };
		8A3C4DE3242F398A0022FD59 /* SpawnDelegate.swift */ = {isa = PBXFileReference; lastKnownFileType = sourcecode.swift; path = SpawnDelegate.swift; sourceTree = "<group>"; };
		8A5CE9B524187C1A00BEC4B9 /* GameInPlayState.swift */ = {isa = PBXFileReference; lastKnownFileType = sourcecode.swift; path = GameInPlayState.swift; sourceTree = "<group>"; };
		8A5CE9B724187EBA00BEC4B9 /* GameStartState.swift */ = {isa = PBXFileReference; lastKnownFileType = sourcecode.swift; path = GameStartState.swift; sourceTree = "<group>"; };
		8A5CE9B924187ED300BEC4B9 /* GamePauseState.swift */ = {isa = PBXFileReference; lastKnownFileType = sourcecode.swift; path = GamePauseState.swift; sourceTree = "<group>"; };
		8A5CE9BB24187EE600BEC4B9 /* GameEndState.swift */ = {isa = PBXFileReference; lastKnownFileType = sourcecode.swift; path = GameEndState.swift; sourceTree = "<group>"; };
		8A5CE9BD24187F2300BEC4B9 /* SceneManager.swift */ = {isa = PBXFileReference; lastKnownFileType = sourcecode.swift; path = SceneManager.swift; sourceTree = "<group>"; };
		8A5CE9C42418874E00BEC4B9 /* GamePauseScene.swift */ = {isa = PBXFileReference; lastKnownFileType = sourcecode.swift; path = GamePauseScene.swift; sourceTree = "<group>"; };
		8A5CE9C62418893B00BEC4B9 /* ButtonNode.swift */ = {isa = PBXFileReference; lastKnownFileType = sourcecode.swift; path = ButtonNode.swift; sourceTree = "<group>"; };
		8A5CE9C824189AC800BEC4B9 /* GameEndScene.swift */ = {isa = PBXFileReference; lastKnownFileType = sourcecode.swift; path = GameEndScene.swift; sourceTree = "<group>"; };
		8A5CE9CA24189FF700BEC4B9 /* GameStateMachine.swift */ = {isa = PBXFileReference; lastKnownFileType = sourcecode.swift; path = GameStateMachine.swift; sourceTree = "<group>"; };
		8A712E7D242318C900B3824E /* DarkVortexPowerUpEntity.swift */ = {isa = PBXFileReference; lastKnownFileType = sourcecode.swift; path = DarkVortexPowerUpEntity.swift; sourceTree = "<group>"; };
		8A712E7F24235EB000B3824E /* PowerUpEntity.swift */ = {isa = PBXFileReference; lastKnownFileType = sourcecode.swift; name = PowerUpEntity.swift; path = GameOfRunes/GameEngine/Entities/PowerUps/PowerUpEntity.swift; sourceTree = SOURCE_ROOT; };
		8A712E812423693200B3824E /* SpriteLayerType.swift */ = {isa = PBXFileReference; lastKnownFileType = sourcecode.swift; path = SpriteLayerType.swift; sourceTree = "<group>"; };
		8A76F9C3242FA9E100917D3F /* LevelCreatorTest.swift */ = {isa = PBXFileReference; lastKnownFileType = sourcecode.swift; path = LevelCreatorTest.swift; sourceTree = "<group>"; };
		8AAADE4A24191D8D00606298 /* TapResponder.swift */ = {isa = PBXFileReference; lastKnownFileType = sourcecode.swift; path = TapResponder.swift; sourceTree = "<group>"; };
		8AAE9C00241E2DF300D29593 /* DroppedManaNode.swift */ = {isa = PBXFileReference; lastKnownFileType = sourcecode.swift; path = DroppedManaNode.swift; sourceTree = "<group>"; };
		8AAE9C02241E335400D29593 /* DroppedManaEntity.swift */ = {isa = PBXFileReference; lastKnownFileType = sourcecode.swift; path = DroppedManaEntity.swift; sourceTree = "<group>"; };
		8AAE9C04241E42D600D29593 /* DroppedManaResponder.swift */ = {isa = PBXFileReference; lastKnownFileType = sourcecode.swift; path = DroppedManaResponder.swift; sourceTree = "<group>"; };
		8AAE9C06241E450300D29593 /* TextureContainer.swift */ = {isa = PBXFileReference; lastKnownFileType = sourcecode.swift; path = TextureContainer.swift; sourceTree = "<group>"; };
		92961C070B809EAFEA8C678A /* libPods-GameOfRunes.a */ = {isa = PBXFileReference; explicitFileType = archive.ar; includeInIndex = 0; path = "libPods-GameOfRunes.a"; sourceTree = BUILT_PRODUCTS_DIR; };
		9C9A0713B30729DD96A75248 /* Pods-GameOfRunes.debug.xcconfig */ = {isa = PBXFileReference; includeInIndex = 1; lastKnownFileType = text.xcconfig; name = "Pods-GameOfRunes.debug.xcconfig"; path = "Target Support Files/Pods-GameOfRunes/Pods-GameOfRunes.debug.xcconfig"; sourceTree = "<group>"; };
		A285CDA71199A45E87E61E24 /* Pods-GameOfRunes.release.xcconfig */ = {isa = PBXFileReference; includeInIndex = 1; lastKnownFileType = text.xcconfig; name = "Pods-GameOfRunes.release.xcconfig"; path = "Target Support Files/Pods-GameOfRunes/Pods-GameOfRunes.release.xcconfig"; sourceTree = "<group>"; };
		BC87BA623B43C19839764DCB /* libPods-GameOfRunesTests.a */ = {isa = PBXFileReference; explicitFileType = archive.ar; includeInIndex = 0; path = "libPods-GameOfRunesTests.a"; sourceTree = BUILT_PRODUCTS_DIR; };
		C60EAF61242E24AF0037BEAC /* PlayerEntity.swift */ = {isa = PBXFileReference; lastKnownFileType = sourcecode.swift; path = PlayerEntity.swift; sourceTree = "<group>"; };
		C60EAF63242E26A00037BEAC /* PlayerComponent.swift */ = {isa = PBXFileReference; lastKnownFileType = sourcecode.swift; path = PlayerComponent.swift; sourceTree = "<group>"; };
		C60EAF65242E2A350037BEAC /* PlayerSystem.swift */ = {isa = PBXFileReference; lastKnownFileType = sourcecode.swift; path = PlayerSystem.swift; sourceTree = "<group>"; };
		C632912D2424ED4F005C11D1 /* CircleResult.swift */ = {isa = PBXFileReference; lastKnownFileType = sourcecode.swift; path = CircleResult.swift; sourceTree = "<group>"; };
		C69B1D63242684B200D8D0D3 /* BaseUnitTest.swift */ = {isa = PBXFileReference; lastKnownFileType = sourcecode.swift; path = BaseUnitTest.swift; sourceTree = "<group>"; };
		C69B1D652426855400D8D0D3 /* GameEngineTest.swift */ = {isa = PBXFileReference; lastKnownFileType = sourcecode.swift; path = GameEngineTest.swift; sourceTree = "<group>"; };
		C6A99CEF241FCAD0003AE88A /* TimerEntity.swift */ = {isa = PBXFileReference; lastKnownFileType = sourcecode.swift; path = TimerEntity.swift; sourceTree = "<group>"; };
		C6A99CF1241FCC2D003AE88A /* LabelComponent.swift */ = {isa = PBXFileReference; lastKnownFileType = sourcecode.swift; path = LabelComponent.swift; sourceTree = "<group>"; };
		C6A99CF3241FCD15003AE88A /* LabelSystem.swift */ = {isa = PBXFileReference; lastKnownFileType = sourcecode.swift; path = LabelSystem.swift; sourceTree = "<group>"; };
		C6AC47642430AF290078D5F1 /* EnemyTypeComponent.swift */ = {isa = PBXFileReference; lastKnownFileType = sourcecode.swift; path = EnemyTypeComponent.swift; sourceTree = "<group>"; };
		C6AC47662430B0380078D5F1 /* ParentEntityComponent.swift */ = {isa = PBXFileReference; lastKnownFileType = sourcecode.swift; path = ParentEntityComponent.swift; sourceTree = "<group>"; };
		C6AC47682430B0C90078D5F1 /* GestureEntityComponent.swift */ = {isa = PBXFileReference; lastKnownFileType = sourcecode.swift; path = GestureEntityComponent.swift; sourceTree = "<group>"; };
		C6AC476A2430BF670078D5F1 /* EnemyEntityTest.swift */ = {isa = PBXFileReference; lastKnownFileType = sourcecode.swift; path = EnemyEntityTest.swift; sourceTree = "<group>"; };
		C6AFF67A2419101B0076F02B /* GestureEntity.swift */ = {isa = PBXFileReference; lastKnownFileType = sourcecode.swift; path = GestureEntity.swift; sourceTree = "<group>"; };
		C6AFF67D24191A2A0076F02B /* SystemDelegate.swift */ = {isa = PBXFileReference; lastKnownFileType = sourcecode.swift; path = SystemDelegate.swift; sourceTree = "<group>"; };
		C6AFF680241923410076F02B /* RemoveDelegate.swift */ = {isa = PBXFileReference; lastKnownFileType = sourcecode.swift; path = RemoveDelegate.swift; sourceTree = "<group>"; };
		C6AFF682241A5FC40076F02B /* GameMetaData.swift */ = {isa = PBXFileReference; lastKnownFileType = sourcecode.swift; path = GameMetaData.swift; sourceTree = "<group>"; };
		C6AFF684241A61650076F02B /* HealthSystem.swift */ = {isa = PBXFileReference; lastKnownFileType = sourcecode.swift; path = HealthSystem.swift; sourceTree = "<group>"; };
		C6AFF686241A66360076F02B /* System.swift */ = {isa = PBXFileReference; lastKnownFileType = sourcecode.swift; path = System.swift; sourceTree = "<group>"; };
		C6AFF688241A67430076F02B /* ManaSystem.swift */ = {isa = PBXFileReference; lastKnownFileType = sourcecode.swift; path = ManaSystem.swift; sourceTree = "<group>"; };
		C6AFF68A241A674A0076F02B /* MoveSystem.swift */ = {isa = PBXFileReference; lastKnownFileType = sourcecode.swift; path = MoveSystem.swift; sourceTree = "<group>"; };
		C6AFF68C241A7A530076F02B /* SpriteSystem.swift */ = {isa = PBXFileReference; lastKnownFileType = sourcecode.swift; path = SpriteSystem.swift; sourceTree = "<group>"; };
		C6B322DB241B9701001072AE /* .swiftlint.yml */ = {isa = PBXFileReference; fileEncoding = 4; lastKnownFileType = text.yaml; path = .swiftlint.yml; sourceTree = "<group>"; };
		C6B322DD241BC7AB001072AE /* EntityType.swift */ = {isa = PBXFileReference; lastKnownFileType = sourcecode.swift; path = EntityType.swift; sourceTree = "<group>"; };
		C6B322E9241DFF4D001072AE /* Entity.swift */ = {isa = PBXFileReference; lastKnownFileType = sourcecode.swift; path = Entity.swift; sourceTree = "<group>"; };
		EF30F92E2B56F93B5C6D166B /* Pods-GameOfRunesTests.release.xcconfig */ = {isa = PBXFileReference; includeInIndex = 1; lastKnownFileType = text.xcconfig; name = "Pods-GameOfRunesTests.release.xcconfig"; path = "Target Support Files/Pods-GameOfRunesTests/Pods-GameOfRunesTests.release.xcconfig"; sourceTree = "<group>"; };
/* End PBXFileReference section */

/* Begin PBXFrameworksBuildPhase section */
		4ACC8BA22414C69800F235AE /* Frameworks */ = {
			isa = PBXFrameworksBuildPhase;
			buildActionMask = 2147483647;
			files = (
				1F1298E922021B12A5C71EE7 /* libPods-GameOfRunes.a in Frameworks */,
			);
			runOnlyForDeploymentPostprocessing = 0;
		};
		4ACC8BBC2414C69B00F235AE /* Frameworks */ = {
			isa = PBXFrameworksBuildPhase;
			buildActionMask = 2147483647;
			files = (
				49CE1447C4255E7ECBF5CCDB /* libPods-GameOfRunesTests.a in Frameworks */,
			);
			runOnlyForDeploymentPostprocessing = 0;
		};
/* End PBXFrameworksBuildPhase section */

/* Begin PBXGroup section */
		4A09C4F1242FC20500CA7625 /* Models */ = {
			isa = PBXGroup;
			children = (
				4A09C4F2242FC36200CA7625 /* Stage.swift */,
			);
			path = Models;
			sourceTree = "<group>";
		};
		4A09C4F4242FCB9D00CA7625 /* Game Map */ = {
			isa = PBXGroup;
			children = (
				4A09C4F7242FCBDD00CA7625 /* StageNode.swift */,
				4A09C50224300D8700CA7625 /* AchievementBadgeNode.swift */,
				4A768F1E24307EE7000F3F05 /* StackedLabelsNode.swift */,
				4A768F2124308D08000F3F05 /* Stage Preview */,
				4A768F2224308D23000F3F05 /* Stage Selection */,
			);
			path = "Game Map";
			sourceTree = "<group>";
		};
		4A6213DA243093D400FABB48 /* Avatar Overview */ = {
			isa = PBXGroup;
			children = (
				4A6213DB2430941000FABB48 /* AvatarOverviewNode.swift */,
				4A6213E32430B61700FABB48 /* AvatarLabelNode.swift */,
				4A6213DD24309B0500FABB48 /* AvatarSelectionNode.swift */,
				4A6213E12430A9BB00FABB48 /* PowerUpDescriptionNode.swift */,
				4A6213ED2430DA8E00FABB48 /* DescriptionNode.swift */,
				4A6213E92430BDD600FABB48 /* ArrowNode.swift */,
			);
			path = "Avatar Overview";
			sourceTree = "<group>";
		};
		4A72EB42241FE18B005FA909 /* Utils */ = {
			isa = PBXGroup;
			children = (
				8AAE9C06241E450300D29593 /* TextureContainer.swift */,
				56E82D6F2417E9D2009172C6 /* GameConfig.swift */,
			);
			path = Utils;
			sourceTree = "<group>";
		};
		4A768F2024308CF5000F3F05 /* Stage Overview */ = {
			isa = PBXGroup;
			children = (
				4A768F1824302079000F3F05 /* StageOverviewNode.swift */,
				4A768F1A243022DA000F3F05 /* StageOverviewLabelNode.swift */,
				4A768F1C24307DC9000F3F05 /* StageOverviewDescriptionNode.swift */,
			);
			path = "Stage Overview";
			sourceTree = "<group>";
		};
		4A768F2124308D08000F3F05 /* Stage Preview */ = {
			isa = PBXGroup;
			children = (
				4A09C4F9242FE41900CA7625 /* StagePreviewNode.swift */,
				4A09C4FC242FE4DF00CA7625 /* StagePreviewLabelNode.swift */,
				4A09C4FE242FE50300CA7625 /* BattleNode.swift */,
			);
			path = "Stage Preview";
			sourceTree = "<group>";
		};
		4A768F2224308D23000F3F05 /* Stage Selection */ = {
			isa = PBXGroup;
			children = (
				4A768F102430148E000F3F05 /* StageSelectionNode.swift */,
				4A768F162430173C000F3F05 /* PlayNode.swift */,
				4A768F142430157F000F3F05 /* CancelNode.swift */,
				4A768F2024308CF5000F3F05 /* Stage Overview */,
				4A6213DA243093D400FABB48 /* Avatar Overview */,
			);
			path = "Stage Selection";
			sourceTree = "<group>";
		};
		4A8F0AA624191B6D00CD730B /* Player Area */ = {
			isa = PBXGroup;
			children = (
				4A8F0AA724191BBF00CD730B /* PlayerAreaNode.swift */,
				4AA5B3712416BB6B008D4953 /* HealthBarNode.swift */,
				4AA5B3732416BF5E008D4953 /* HealthNode.swift */,
				4AA5B3792417625D008D4953 /* ManaBarNode.swift */,
				4AA5B37B241769C4008D4953 /* ProgressBarNode.swift */,
				4AA5B3812417B8D7008D4953 /* BarDividerNode.swift */,
				4AC87A53241E146800D79639 /* PowerUpContainerNode.swift */,
				4A6213EB2430D19500FABB48 /* SelectedPowerUpResponder.swift */,
				4A72EB4724211F57005FA909 /* PowerUpNode.swift */,
				4AC87A4D241AC12700D79639 /* PowerUpIconNode.swift */,
				4A72EB432420061A005FA909 /* SummonNode.swift */,
				56EDD274242DC1EE0044B445 /* ScoreNode.swift */,
			);
			path = "Player Area";
			sourceTree = "<group>";
		};
		4AA508C62415E0EC00D9ADE4 /* Fonts */ = {
			isa = PBXGroup;
			children = (
				4AA508C12415762800D9ADE4 /* HVD_Comic_Serif_Pro.otf */,
				4AA508C72415E0FF00D9ADE4 /* Dragon Fire.ttf */,
			);
			path = Fonts;
			sourceTree = "<group>";
		};
		4AA508C9241614D500D9ADE4 /* Types */ = {
			isa = PBXGroup;
			children = (
				4AA508CA2416170600D9ADE4 /* ArenaType.swift */,
				56D2A646242BBAAE00BDD5DC /* CollisionType.swift */,
				C6B322DD241BC7AB001072AE /* EntityType.swift */,
				19D664C824207DDD00351C92 /* ComponentType.swift */,
				4AA508CC24161A1900D9ADE4 /* EnemyType.swift */,
				8A712E812423693200B3824E /* SpriteLayerType.swift */,
				4AC87A4B241A3EB100D79639 /* PowerUpType.swift */,
				4AB47A3E2423F0F700EDADC1 /* ManaType.swift */,
				4AA5B36124164FC9008D4953 /* Team.swift */,
				4A72EB4524200BE6005FA909 /* ButtonType.swift */,
				4A6213DF24309CDE00FABB48 /* Avatar.swift */,
			);
			path = Types;
			sourceTree = "<group>";
		};
		4AA508D024161F1300D9ADE4 /* MoveComponent */ = {
			isa = PBXGroup;
			children = (
				4AA508CE24161EFA00D9ADE4 /* MoveComponent.swift */,
				4AA508D124161F3200D9ADE4 /* MoveBehavior.swift */,
			);
			path = MoveComponent;
			sourceTree = "<group>";
		};
		4AA508D32416213B00D9ADE4 /* Extensions */ = {
			isa = PBXGroup;
			children = (
				4AA508D4241622B900D9ADE4 /* GKAgent2D+typeConversionHelpers.swift */,
				4AA5B36524165601008D4953 /* CGPoint+pointManipulationHelpers.swift */,
				4AA5B3772416CE7B008D4953 /* CGVector+vectorManipulationHelpers.swift */,
				4AA5B3752416C6BB008D4953 /* CGSize+resizeHelpers.swift */,
				4AA5B37D24176D00008D4953 /* UIColor+hexColorCodeInitializer.swift */,
				4AA5B3832417BA71008D4953 /* SKSpriteNode+helpers.swift */,
			);
			path = Extensions;
			sourceTree = "<group>";
		};
		4AA5B3702416BB54008D4953 /* Custom Nodes */ = {
			isa = PBXGroup;
			children = (
				8AAE9BFF241E2DE200D29593 /* DroppedManaNode */,
				4A8F0AA624191B6D00CD730B /* Player Area */,
				8AAADE4924191D7A00606298 /* ButtonNode */,
				4A09C4F4242FCB9D00CA7625 /* Game Map */,
				56E82D6D2417E7B7009172C6 /* GestureNode.swift */,
				56FFE165241B5BDB00ED4D74 /* GestureAreaNode.swift */,
			);
			path = "Custom Nodes";
			sourceTree = "<group>";
		};
		4AC87A442419ED3400D79639 /* Sounds */ = {
			isa = PBXGroup;
			children = (
				4AC87A4F241BF31C00D79639 /* cast power up.mp3 */,
				4AC87A452419ED4100D79639 /* click1.mp3 */,
				4AC87A462419ED4200D79639 /* click3.mp3 */,
				4AC87A472419ED4200D79639 /* Lion King Eldigan.mp3 */,
			);
			path = Sounds;
			sourceTree = "<group>";
		};
		4ACAF529242A71BB0062DDBA /* View Controllers */ = {
			isa = PBXGroup;
			children = (
				4ACAF52A242A727F0062DDBA /* HomeViewController.swift */,
				56A37557243824DD0088F655 /* SelectorViewController.swift */,
				4ACC8BB02414C69800F235AE /* GameViewController.swift */,
			);
			path = "View Controllers";
			sourceTree = "<group>";
		};
		4ACC8B9C2414C69800F235AE = {
			isa = PBXGroup;
			children = (
				C6B322DB241B9701001072AE /* .swiftlint.yml */,
				4ACC8BA72414C69800F235AE /* GameOfRunes */,
				4ACC8BC22414C69B00F235AE /* GameOfRunesTests */,
				4ACC8BA62414C69800F235AE /* Products */,
				7A7D434C9C364520F35932B0 /* Pods */,
				5A6CB57AA35FD0CFDEBF8802 /* Frameworks */,
				C6AC47712431FB4E0078D5F1 /* Recovered References */,
			);
			sourceTree = "<group>";
		};
		4ACC8BA62414C69800F235AE /* Products */ = {
			isa = PBXGroup;
			children = (
				4ACC8BA52414C69800F235AE /* GameOfRunes.app */,
				4ACC8BBF2414C69B00F235AE /* GameOfRunesTests.xctest */,
			);
			name = Products;
			sourceTree = "<group>";
		};
		4ACC8BA72414C69800F235AE /* GameOfRunes */ = {
			isa = PBXGroup;
			children = (
				4ACC8BA82414C69800F235AE /* AppDelegate.swift */,
				4A72EB42241FE18B005FA909 /* Utils */,
				8A2C033E242EF0D400A8EC96 /* Errors */,
				8A2C033B242EF08E00A8EC96 /* Levels and Waves */,
				56FC8CF22434239500B6DBC9 /* Network */,
				8A5CE9B424187BFD00BEC4B9 /* GameState */,
				566121DE2416936E00475CE1 /* Scenes */,
				4AA508D32416213B00D9ADE4 /* Extensions */,
				566121D7241682C500475CE1 /* Gesture Recogniser */,
				C6AFF67F241923040076F02B /* GameEngine */,
				4AA508C9241614D500D9ADE4 /* Types */,
				4AA5B3702416BB54008D4953 /* Custom Nodes */,
				4ACAF529242A71BB0062DDBA /* View Controllers */,
				4A09C4F1242FC20500CA7625 /* Models */,
				4AA5B37F2417879B008D4953 /* Assets.xcassets */,
				4ACC8BB22414C69800F235AE /* Main.storyboard */,
				4ACC8BB72414C69B00F235AE /* LaunchScreen.storyboard */,
				4AC87A442419ED3400D79639 /* Sounds */,
				4AA508C62415E0EC00D9ADE4 /* Fonts */,
				4ACC8BBA2414C69B00F235AE /* Info.plist */,
				56FC8CEF2434200E00B6DBC9 /* GoogleService-Info.plist */,
			);
			path = GameOfRunes;
			sourceTree = "<group>";
		};
		4ACC8BC22414C69B00F235AE /* GameOfRunesTests */ = {
			isa = PBXGroup;
			children = (
				4A1B33362432397600B67B91 /* GeneratedMocks.swift */,
				C69B1D63242684B200D8D0D3 /* BaseUnitTest.swift */,
				C6AC47702430CD610078D5F1 /* LevelAndWaveTests */,
				C6AC476F2430CD2A0078D5F1 /* GameStateTests */,
				C6AC476C2430CCD40078D5F1 /* GameEngineTests */,
				C6AC476E2430CD080078D5F1 /* CustomNodeTests */,
				4ACC8BC52414C69B00F235AE /* Info.plist */,
			);
			path = GameOfRunesTests;
			sourceTree = "<group>";
		};
		4ACC8BCF2414D53800F235AE /* Components */ = {
			isa = PBXGroup;
			children = (
				4AA508D024161F1300D9ADE4 /* MoveComponent */,
				4ACC8BD12414D57900F235AE /* SpriteComponent.swift */,
				560DED9B242B902D00A6D9A6 /* ScoreComponent.swift */,
				4AA5B363241650A1008D4953 /* TeamComponent.swift */,
				C6AC47642430AF290078D5F1 /* EnemyTypeComponent.swift */,
				560DED9F242B9AC600A6D9A6 /* MultiplierComponent.swift */,
				C6A99CF1241FCC2D003AE88A /* LabelComponent.swift */,
				56EDD276242E507D0044B445 /* TimerComponent.swift */,
				C60EAF63242E26A00037BEAC /* PlayerComponent.swift */,
				C6AC47662430B0380078D5F1 /* ParentEntityComponent.swift */,
				566121DC24168ADC00475CE1 /* GestureComponent.swift */,
				C6AC47682430B0C90078D5F1 /* GestureEntityComponent.swift */,
				4ACC8BD92415322400F235AE /* HealthComponent.swift */,
				19D664CA24207ECE00351C92 /* Component.swift */,
				4ACC8BDD2415324400F235AE /* ManaComponent.swift */,
			);
			path = Components;
			sourceTree = "<group>";
		};
		4ACC8BD02414D54800F235AE /* Entities */ = {
			isa = PBXGroup;
			children = (
				8A712E8324236B3800B3824E /* PowerUps */,
				4ACC8BD32414D71100F235AE /* EnemyEntity.swift */,
				56445ECD242EFCE600D5DCBE /* ComboEntity.swift */,
				C6AFF67A2419101B0076F02B /* GestureEntity.swift */,
				C60EAF61242E24AF0037BEAC /* PlayerEntity.swift */,
				C6A99CEF241FCAD0003AE88A /* TimerEntity.swift */,
				C6B322E9241DFF4D001072AE /* Entity.swift */,
				4AA5B35F241646DF008D4953 /* EndPointEntity.swift */,
				4A1B33382432615C00B67B91 /* AttractionEntity.swift */,
				8AAE9C02241E335400D29593 /* DroppedManaEntity.swift */,
			);
			path = Entities;
			sourceTree = "<group>";
		};
		566121D7241682C500475CE1 /* Gesture Recogniser */ = {
			isa = PBXGroup;
			children = (
				566121D8241682DD00475CE1 /* DBPathRecognizer.swift */,
				C632912D2424ED4F005C11D1 /* CircleResult.swift */,
				566121DA2416838000475CE1 /* CustomGesture.swift */,
				561DB6EA2421CBCE005FA871 /* CircleGestureRecognizer.swift */,
			);
			path = "Gesture Recogniser";
			sourceTree = "<group>";
		};
		566121DE2416936E00475CE1 /* Scenes */ = {
			isa = PBXGroup;
			children = (
				563F3DEC24171B49009381B9 /* GameScene.swift */,
				8A5CE9C42418874E00BEC4B9 /* GamePauseScene.swift */,
				8A5CE9C824189AC800BEC4B9 /* GameEndScene.swift */,
				4A09C4EB242E465200CA7625 /* GameMapScene.swift */,
				8A5CE9BD24187F2300BEC4B9 /* SceneManager.swift */,
			);
			path = Scenes;
			sourceTree = "<group>";
		};
		56FC8CF22434239500B6DBC9 /* Network */ = {
			isa = PBXGroup;
			children = (
				56FC8CF3243426A800B6DBC9 /* NetworkModel.swift */,
				56FC8CF524342CF300B6DBC9 /* NetworkInterface.swift */,
				56FC8CF72434320B00B6DBC9 /* FirebaseNetwork.swift */,
				56C85F822434B0B300B1ADA9 /* FirebaseKeys.swift */,
				56FC8CF92434393D00B6DBC9 /* FirebaseNetwork+Util.swift */,
			);
			path = Network;
			sourceTree = "<group>";
		};
		5A6CB57AA35FD0CFDEBF8802 /* Frameworks */ = {
			isa = PBXGroup;
			children = (
				92961C070B809EAFEA8C678A /* libPods-GameOfRunes.a */,
				BC87BA623B43C19839764DCB /* libPods-GameOfRunesTests.a */,
			);
			name = Frameworks;
			sourceTree = "<group>";
		};
		7A7D434C9C364520F35932B0 /* Pods */ = {
			isa = PBXGroup;
			children = (
				9C9A0713B30729DD96A75248 /* Pods-GameOfRunes.debug.xcconfig */,
				A285CDA71199A45E87E61E24 /* Pods-GameOfRunes.release.xcconfig */,
				6C5C802F7ABE04422FCADC58 /* Pods-GameOfRunesTests.debug.xcconfig */,
				EF30F92E2B56F93B5C6D166B /* Pods-GameOfRunesTests.release.xcconfig */,
			);
			path = Pods;
			sourceTree = "<group>";
		};
		8A2C033B242EF08E00A8EC96 /* Levels and Waves */ = {
			isa = PBXGroup;
			children = (
				8A2C033C242EF0B000A8EC96 /* EnemySpawnUnit.swift */,
				8A3C4DE1242F15DE0022FD59 /* LevelCreator.swift */,
			);
			path = "Levels and Waves";
			sourceTree = "<group>";
		};
		8A2C033E242EF0D400A8EC96 /* Errors */ = {
			isa = PBXGroup;
			children = (
				8A2C033F242EF10000A8EC96 /* LevelWaveError.swift */,
			);
			path = Errors;
			sourceTree = "<group>";
		};
		8A5CE9B424187BFD00BEC4B9 /* GameState */ = {
			isa = PBXGroup;
			children = (
				8A5CE9B524187C1A00BEC4B9 /* GameInPlayState.swift */,
				8A5CE9B724187EBA00BEC4B9 /* GameStartState.swift */,
				8A5CE9B924187ED300BEC4B9 /* GamePauseState.swift */,
				8A5CE9BB24187EE600BEC4B9 /* GameEndState.swift */,
				4A09C4ED242E5E0900CA7625 /* GameSelectionState.swift */,
				8A5CE9CA24189FF700BEC4B9 /* GameStateMachine.swift */,
			);
			path = GameState;
			sourceTree = "<group>";
		};
		8A712E8324236B3800B3824E /* PowerUps */ = {
			isa = PBXGroup;
			children = (
				8A712E7F24235EB000B3824E /* PowerUpEntity.swift */,
				8A712E7D242318C900B3824E /* DarkVortexPowerUpEntity.swift */,
				565E032E2423CC58003B6C67 /* IcePrisonPowerUpEntity.swift */,
				565E032C2423CA31003B6C67 /* HellfirePowerUpEntity.swift */,
			);
			path = PowerUps;
			sourceTree = "<group>";
		};
		8AAADE4924191D7A00606298 /* ButtonNode */ = {
			isa = PBXGroup;
			children = (
				8A5CE9C62418893B00BEC4B9 /* ButtonNode.swift */,
				8AAADE4A24191D8D00606298 /* TapResponder.swift */,
			);
			path = ButtonNode;
			sourceTree = "<group>";
		};
		8AAE9BFF241E2DE200D29593 /* DroppedManaNode */ = {
			isa = PBXGroup;
			children = (
				8AAE9C00241E2DF300D29593 /* DroppedManaNode.swift */,
				8AAE9C04241E42D600D29593 /* DroppedManaResponder.swift */,
			);
			path = DroppedManaNode;
			sourceTree = "<group>";
		};
		C6AC476C2430CCD40078D5F1 /* GameEngineTests */ = {
			isa = PBXGroup;
			children = (
				C69B1D652426855400D8D0D3 /* GameEngineTest.swift */,
				C6AC476D2430CCEA0078D5F1 /* EntityTests */,
			);
			path = GameEngineTests;
			sourceTree = "<group>";
		};
		C6AC476D2430CCEA0078D5F1 /* EntityTests */ = {
			isa = PBXGroup;
			children = (
				C6AC476A2430BF670078D5F1 /* EnemyEntityTest.swift */,
			);
			path = EntityTests;
			sourceTree = "<group>";
		};
		C6AC476E2430CD080078D5F1 /* CustomNodeTests */ = {
			isa = PBXGroup;
			children = (
				4AB6BDF4242789D80046F5AB /* HealthBarNodeTest.swift */,
				4AB6BDF624278D840046F5AB /* ManaBarNodeTest.swift */,
			);
			path = CustomNodeTests;
			sourceTree = "<group>";
		};
		C6AC476F2430CD2A0078D5F1 /* GameStateTests */ = {
			isa = PBXGroup;
			children = (
				8A1EB6C3242782F700CA6AC8 /* GameStateMachineTest.swift */,
				8A1EB6C52427900000CA6AC8 /* GameStateTest.swift */,
			);
			path = GameStateTests;
			sourceTree = "<group>";
		};
		C6AC47702430CD610078D5F1 /* LevelAndWaveTests */ = {
			isa = PBXGroup;
			children = (
				8A2C0341242EF19000A8EC96 /* EnemySpawnUnitTest.swift */,
				8A76F9C3242FA9E100917D3F /* LevelCreatorTest.swift */,
			);
			path = LevelAndWaveTests;
			sourceTree = "<group>";
		};
		C6AC47712431FB4E0078D5F1 /* Recovered References */ = {
			isa = PBXGroup;
			children = (
				56F305012431EFFD0025EA9A /* GeneratedMocks.swift */,
			);
			name = "Recovered References";
			sourceTree = "<group>";
		};
		C6AFF67C241919A00076F02B /* Systems */ = {
			isa = PBXGroup;
			children = (
				C6AFF68C241A7A530076F02B /* SpriteSystem.swift */,
				560DED99242B902400A6D9A6 /* ScoreSystem.swift */,
				C6A99CF3241FCD15003AE88A /* LabelSystem.swift */,
				56EDD278242E58BA0044B445 /* TimerSystem.swift */,
				C6AFF68A241A674A0076F02B /* MoveSystem.swift */,
				C6AFF684241A61650076F02B /* HealthSystem.swift */,
				C6AFF686241A66360076F02B /* System.swift */,
				C6AFF688241A67430076F02B /* ManaSystem.swift */,
				C60EAF65242E2A350037BEAC /* PlayerSystem.swift */,
			);
			path = Systems;
			sourceTree = "<group>";
		};
		C6AFF67F241923040076F02B /* GameEngine */ = {
			isa = PBXGroup;
			children = (
				4ACC8BD52414D79F00F235AE /* GameEngine.swift */,
				56D2A648242C3BEB00BDD5DC /* ContactDelegate.swift */,
				C6AFF680241923410076F02B /* RemoveDelegate.swift */,
				C6AFF682241A5FC40076F02B /* GameMetaData.swift */,
				C6AFF67D24191A2A0076F02B /* SystemDelegate.swift */,
				8A3C4DE3242F398A0022FD59 /* SpawnDelegate.swift */,
				C6AFF67C241919A00076F02B /* Systems */,
				4ACC8BCF2414D53800F235AE /* Components */,
				4ACC8BD02414D54800F235AE /* Entities */,
			);
			path = GameEngine;
			sourceTree = "<group>";
		};
/* End PBXGroup section */

/* Begin PBXNativeTarget section */
		4ACC8BA42414C69800F235AE /* GameOfRunes */ = {
			isa = PBXNativeTarget;
			buildConfigurationList = 4ACC8BC82414C69B00F235AE /* Build configuration list for PBXNativeTarget "GameOfRunes" */;
			buildPhases = (
				4F4AC32622E6CB3CA52D7256 /* [CP] Check Pods Manifest.lock */,
				4ACC8BA12414C69800F235AE /* Sources */,
				4ACC8BA22414C69800F235AE /* Frameworks */,
				4ACC8BA32414C69800F235AE /* Resources */,
				4ACC8BCE2414C95100F235AE /* Run Script */,
			);
			buildRules = (
			);
			dependencies = (
			);
			name = GameOfRunes;
			productName = GameOfRunes;
			productReference = 4ACC8BA52414C69800F235AE /* GameOfRunes.app */;
			productType = "com.apple.product-type.application";
		};
		4ACC8BBE2414C69B00F235AE /* GameOfRunesTests */ = {
			isa = PBXNativeTarget;
			buildConfigurationList = 4ACC8BCB2414C69B00F235AE /* Build configuration list for PBXNativeTarget "GameOfRunesTests" */;
			buildPhases = (
				FA8F529B5241D8ECCE054955 /* [CP] Check Pods Manifest.lock */,
				C69B1D5C2426802100D8D0D3 /* Run Script */,
				4ACC8BBB2414C69B00F235AE /* Sources */,
				4ACC8BBC2414C69B00F235AE /* Frameworks */,
				4ACC8BBD2414C69B00F235AE /* Resources */,
			);
			buildRules = (
			);
			dependencies = (
				4ACC8BC12414C69B00F235AE /* PBXTargetDependency */,
			);
			name = GameOfRunesTests;
			productName = GameOfRunesTests;
			productReference = 4ACC8BBF2414C69B00F235AE /* GameOfRunesTests.xctest */;
			productType = "com.apple.product-type.bundle.unit-test";
		};
/* End PBXNativeTarget section */

/* Begin PBXProject section */
		4ACC8B9D2414C69800F235AE /* Project object */ = {
			isa = PBXProject;
			attributes = {
				LastSwiftUpdateCheck = 1130;
				LastUpgradeCheck = 1140;
				ORGANIZATIONNAME = TeamHoWan;
				TargetAttributes = {
					4ACC8BA42414C69800F235AE = {
						CreatedOnToolsVersion = 11.3.1;
					};
					4ACC8BBE2414C69B00F235AE = {
						CreatedOnToolsVersion = 11.3.1;
						TestTargetID = 4ACC8BA42414C69800F235AE;
					};
				};
			};
			buildConfigurationList = 4ACC8BA02414C69800F235AE /* Build configuration list for PBXProject "GameOfRunes" */;
			compatibilityVersion = "Xcode 9.3";
			developmentRegion = en;
			hasScannedForEncodings = 0;
			knownRegions = (
				en,
				Base,
			);
			mainGroup = 4ACC8B9C2414C69800F235AE;
			productRefGroup = 4ACC8BA62414C69800F235AE /* Products */;
			projectDirPath = "";
			projectRoot = "";
			targets = (
				4ACC8BA42414C69800F235AE /* GameOfRunes */,
				4ACC8BBE2414C69B00F235AE /* GameOfRunesTests */,
			);
		};
/* End PBXProject section */

/* Begin PBXResourcesBuildPhase section */
		4ACC8BA32414C69800F235AE /* Resources */ = {
			isa = PBXResourcesBuildPhase;
			buildActionMask = 2147483647;
			files = (
				4AC87A50241BF31C00D79639 /* cast power up.mp3 in Resources */,
				C6B322DC241B9701001072AE /* .swiftlint.yml in Resources */,
				4AA508C22415766A00D9ADE4 /* HVD_Comic_Serif_Pro.otf in Resources */,
				4ACC8BB42414C69800F235AE /* Main.storyboard in Resources */,
				4AC87A4A2419ED4200D79639 /* Lion King Eldigan.mp3 in Resources */,
				4ACC8BB92414C69B00F235AE /* LaunchScreen.storyboard in Resources */,
				4AC87A482419ED4200D79639 /* click1.mp3 in Resources */,
				4AA508C82415E0FF00D9ADE4 /* Dragon Fire.ttf in Resources */,
				56FC8CF02434202100B6DBC9 /* GoogleService-Info.plist in Resources */,
				4AC87A492419ED4200D79639 /* click3.mp3 in Resources */,
				4AA5B3802417879C008D4953 /* Assets.xcassets in Resources */,
			);
			runOnlyForDeploymentPostprocessing = 0;
		};
		4ACC8BBD2414C69B00F235AE /* Resources */ = {
			isa = PBXResourcesBuildPhase;
			buildActionMask = 2147483647;
			files = (
				56FC8CF12434202200B6DBC9 /* GoogleService-Info.plist in Resources */,
			);
			runOnlyForDeploymentPostprocessing = 0;
		};
/* End PBXResourcesBuildPhase section */

/* Begin PBXShellScriptBuildPhase section */
		4ACC8BCE2414C95100F235AE /* Run Script */ = {
			isa = PBXShellScriptBuildPhase;
			buildActionMask = 12;
			files = (
			);
			inputFileListPaths = (
			);
			inputPaths = (
			);
			name = "Run Script";
			outputFileListPaths = (
			);
			outputPaths = (
			);
			runOnlyForDeploymentPostprocessing = 0;
			shellPath = /bin/sh;
			shellScript = "\"${PODS_ROOT}/SwiftLint/swiftlint\"\n";
		};
		4F4AC32622E6CB3CA52D7256 /* [CP] Check Pods Manifest.lock */ = {
			isa = PBXShellScriptBuildPhase;
			buildActionMask = 2147483647;
			files = (
			);
			inputFileListPaths = (
			);
			inputPaths = (
				"${PODS_PODFILE_DIR_PATH}/Podfile.lock",
				"${PODS_ROOT}/Manifest.lock",
			);
			name = "[CP] Check Pods Manifest.lock";
			outputFileListPaths = (
			);
			outputPaths = (
				"$(DERIVED_FILE_DIR)/Pods-GameOfRunes-checkManifestLockResult.txt",
			);
			runOnlyForDeploymentPostprocessing = 0;
			shellPath = /bin/sh;
			shellScript = "diff \"${PODS_PODFILE_DIR_PATH}/Podfile.lock\" \"${PODS_ROOT}/Manifest.lock\" > /dev/null\nif [ $? != 0 ] ; then\n    # print error to STDERR\n    echo \"error: The sandbox is not in sync with the Podfile.lock. Run 'pod install' or update your CocoaPods installation.\" >&2\n    exit 1\nfi\n# This output is used by Xcode 'outputs' to avoid re-running this script phase.\necho \"SUCCESS\" > \"${SCRIPT_OUTPUT_FILE_0}\"\n";
			showEnvVarsInLog = 0;
		};
		C69B1D5C2426802100D8D0D3 /* Run Script */ = {
			isa = PBXShellScriptBuildPhase;
			buildActionMask = 2147483647;
			files = (
			);
			inputFileListPaths = (
			);
			inputPaths = (
			);
			name = "Run Script";
			outputFileListPaths = (
			);
			outputPaths = (
			);
			runOnlyForDeploymentPostprocessing = 0;
			shellPath = /bin/sh;
			shellScript = "# comment out to run the script\nexit\n# Type a script or drag a script file from your workspace to insert its path.\n# Define output file. Change \"${PROJECT_DIR}/${PROJECT_NAME}Tests\" to your test's root source folder, if it's not the default name.\nOUTPUT_FILE=\"${PROJECT_DIR}/${PROJECT_NAME}Tests/GeneratedMocks.swift\"\necho \"Generated Mocks File = ${OUTPUT_FILE}\"\n\n# Define input directory. Change \"${PROJECT_DIR}/${PROJECT_NAME}\" to your project's root source folder, if it's not the default name.\nINPUT_DIR=\"${PROJECT_DIR}/${PROJECT_NAME}\"\necho \"Mocks Input Directory = ${INPUT_DIR}\"\n\n# Generate mock files, include as many input files as you'd like to create mocks for.\n\"${PODS_ROOT}/Cuckoo/run\" generate --testable \"${PROJECT_NAME}\" \\\n--output \"${OUTPUT_FILE}\" \\\n\"${INPUT_DIR}/GameEngine/GameEngine.swift\" \\\n\"${INPUT_DIR}/GameEngine/SystemDelegate.swift\" \\\n\"${INPUT_DIR}/GameEngine/RemoveDelegate.swift\" \\\n\"${INPUT_DIR}/GameEngine/Systems/SpriteSystem.swift\" \\\n\"${INPUT_DIR}/GameEngine/Systems/TimerSystem.swift\" \\\n\"${INPUT_DIR}/GameEngine/Systems/MoveSystem.swift\" \\\n\"${INPUT_DIR}/GameEngine/Systems/HealthSystem.swift\" \\\n\"${INPUT_DIR}/GameEngine/Systems/ManaSystem.swift\" \\\n\"${INPUT_DIR}/GameEngine/Components/MoveComponent/MoveComponent.swift\" \\\n\"${INPUT_DIR}/GameEngine/Components/MoveComponent/MoveBehavior.swift\" \\\n\"${INPUT_DIR}/GameEngine/Components/SpriteComponent.swift\" \\\n\"${INPUT_DIR}/GameEngine/Components/TeamComponent.swift\" \\\n\"${INPUT_DIR}/GameEngine/Components/TimerComponent.swift\" \\\n\"${INPUT_DIR}/GameEngine/Components/GestureComponent.swift\" \\\n\"${INPUT_DIR}/GameEngine/Components/HealthComponent.swift\" \\\n\"${INPUT_DIR}/GameEngine/Components/ManaComponent.swift\" \\\n\"${INPUT_DIR}/GameEngine/Entities/EnemyEntity.swift\" \\\n\"${INPUT_DIR}/GameEngine/Entities/GestureEntity.swift\" \\\n\"${INPUT_DIR}/GameEngine/Entities/TimerEntity.swift\" \\\n\"${INPUT_DIR}/GameEngine/Entities/PlayerEntity.swift\" \\\n\"${INPUT_DIR}/GameEngine/Entities/EndPointEntity.swift\" \\\n\"${INPUT_DIR}/GameEngine/Entities/DroppedManaEntity.swift\" \\\n\"${INPUT_DIR}/GameEngine/Entities/PowerUps/DarkVortexPowerUpEntity.swift\" \\\n\"${INPUT_DIR}/GameEngine/Entities/PowerUps/IcePrisonPowerUpEntity.swift\" \\\n\"${INPUT_DIR}/GameEngine/Entities/PowerUps/HellfirePowerUpEntity.swift\" \\\n\"${INPUT_DIR}/Custom Nodes/Player Area/HealthBarNode.swift\" \\\n\"${INPUT_DIR}/Custom Nodes/Player Area/ManaBarNode.swift\" \\\n\"${INPUT_DIR}/Custom Nodes/DroppedManaNode/DroppedManaNode.swift\" \\\n\"${INPUT_DIR}/Scenes/GameScene.swift\" \\\n\"${INPUT_DIR}/GameState/GameStateMachine.swift\" \\\n\"${INPUT_DIR}/GameState/GameInPlayState.swift\" \\\n\"${INPUT_DIR}/GameState/GameStartState.swift\" \\\n\"${INPUT_DIR}/GameState/GamePauseState.swift\" \\\n\"${INPUT_DIR}/GameState/GameEndState.swift\" \\\n\"${INPUT_DIR}/GameState/GameSelectionState.swift\" \\\n\"${INPUT_DIR}/Scenes/SceneManager.swift\" \n# ... and so forth, the last line should never end with a backslash\n\n# After running once, locate `GeneratedMocks.swift` and drag it into your Xcode test target group.\n";
		};
		FA8F529B5241D8ECCE054955 /* [CP] Check Pods Manifest.lock */ = {
			isa = PBXShellScriptBuildPhase;
			buildActionMask = 2147483647;
			files = (
			);
			inputFileListPaths = (
			);
			inputPaths = (
				"${PODS_PODFILE_DIR_PATH}/Podfile.lock",
				"${PODS_ROOT}/Manifest.lock",
			);
			name = "[CP] Check Pods Manifest.lock";
			outputFileListPaths = (
			);
			outputPaths = (
				"$(DERIVED_FILE_DIR)/Pods-GameOfRunesTests-checkManifestLockResult.txt",
			);
			runOnlyForDeploymentPostprocessing = 0;
			shellPath = /bin/sh;
			shellScript = "diff \"${PODS_PODFILE_DIR_PATH}/Podfile.lock\" \"${PODS_ROOT}/Manifest.lock\" > /dev/null\nif [ $? != 0 ] ; then\n    # print error to STDERR\n    echo \"error: The sandbox is not in sync with the Podfile.lock. Run 'pod install' or update your CocoaPods installation.\" >&2\n    exit 1\nfi\n# This output is used by Xcode 'outputs' to avoid re-running this script phase.\necho \"SUCCESS\" > \"${SCRIPT_OUTPUT_FILE_0}\"\n";
			showEnvVarsInLog = 0;
		};
/* End PBXShellScriptBuildPhase section */

/* Begin PBXSourcesBuildPhase section */
		4ACC8BA12414C69800F235AE /* Sources */ = {
			isa = PBXSourcesBuildPhase;
			buildActionMask = 2147483647;
			files = (
				561AA9BF242EF29C007CFFA5 /* LabelSystem.swift in Sources */,
				56D2A650242C502B00BDD5DC /* ComponentType.swift in Sources */,
				4A6213E024309CDE00FABB48 /* Avatar.swift in Sources */,
				56FC8CF82434320B00B6DBC9 /* FirebaseNetwork.swift in Sources */,
				8AAE9C03241E335400D29593 /* DroppedManaEntity.swift in Sources */,
				4A6213EE2430DA8E00FABB48 /* DescriptionNode.swift in Sources */,
				C6AFF685241A61650076F02B /* HealthSystem.swift in Sources */,
				C6AFF689241A67430076F02B /* ManaSystem.swift in Sources */,
				8A5CE9CB24189FF700BEC4B9 /* GameStateMachine.swift in Sources */,
				8A2C0340242EF10000A8EC96 /* LevelWaveError.swift in Sources */,
				4AA5B3742416BF5E008D4953 /* HealthNode.swift in Sources */,
				C632912E2424ED4F005C11D1 /* CircleResult.swift in Sources */,
				8A3C4DE4242F398A0022FD59 /* SpawnDelegate.swift in Sources */,
				C60EAF62242E24AF0037BEAC /* PlayerEntity.swift in Sources */,
				56FC8CF624342CF300B6DBC9 /* NetworkInterface.swift in Sources */,
				4AA5B3782416CE7B008D4953 /* CGVector+vectorManipulationHelpers.swift in Sources */,
				4AA5B364241650A1008D4953 /* TeamComponent.swift in Sources */,
				4AA5B37C241769C4008D4953 /* ProgressBarNode.swift in Sources */,
				56445ECE242EFCE600D5DCBE /* ComboEntity.swift in Sources */,
				4AA508CF24161EFA00D9ADE4 /* MoveComponent.swift in Sources */,
				4AC87A54241E146800D79639 /* PowerUpContainerNode.swift in Sources */,
				4AA508D5241622B900D9ADE4 /* GKAgent2D+typeConversionHelpers.swift in Sources */,
				56D2A649242C3BEB00BDD5DC /* ContactDelegate.swift in Sources */,
				560DEDA0242B9AC600A6D9A6 /* MultiplierComponent.swift in Sources */,
				4A09C4FF242FE50300CA7625 /* BattleNode.swift in Sources */,
				4AC87A4C241A3EB100D79639 /* PowerUpType.swift in Sources */,
				8A5CE9C72418893B00BEC4B9 /* ButtonNode.swift in Sources */,
				C60EAF64242E26A00037BEAC /* PlayerComponent.swift in Sources */,
				4A09C4FD242FE4DF00CA7625 /* StagePreviewLabelNode.swift in Sources */,
				56E82D6E2417E7B7009172C6 /* GestureNode.swift in Sources */,
				4A09C4EE242E5E0900CA7625 /* GameSelectionState.swift in Sources */,
				C60EAF66242E2A350037BEAC /* PlayerSystem.swift in Sources */,
				4A72EB4824211F57005FA909 /* PowerUpNode.swift in Sources */,
				4A6213DE24309B0500FABB48 /* AvatarSelectionNode.swift in Sources */,
				4ACC8BDA2415322400F235AE /* HealthComponent.swift in Sources */,
				C6AFF68B241A674A0076F02B /* MoveSystem.swift in Sources */,
				4ACC8BD42414D71100F235AE /* EnemyEntity.swift in Sources */,
				56C85F832434B0B300B1ADA9 /* FirebaseKeys.swift in Sources */,
				566121D9241682DD00475CE1 /* DBPathRecognizer.swift in Sources */,
				4ACC8BD62414D79F00F235AE /* GameEngine.swift in Sources */,
				4AA5B36224164FC9008D4953 /* Team.swift in Sources */,
				4A09C4FA242FE41900CA7625 /* StagePreviewNode.swift in Sources */,
				4AB47A3F2423F0F700EDADC1 /* ManaType.swift in Sources */,
				19D664CB24207ECE00351C92 /* Component.swift in Sources */,
				56E82D702417E9D2009172C6 /* GameConfig.swift in Sources */,
				4A6213EA2430BDD600FABB48 /* ArrowNode.swift in Sources */,
				C6AFF68D241A7A530076F02B /* SpriteSystem.swift in Sources */,
				8A5CE9B624187C1A00BEC4B9 /* GameInPlayState.swift in Sources */,
				56A37558243824DD0088F655 /* SelectorViewController.swift in Sources */,
				56EDD277242E507D0044B445 /* TimerComponent.swift in Sources */,
				8A5CE9BA24187ED300BEC4B9 /* GamePauseState.swift in Sources */,
				560DED9A242B902400A6D9A6 /* ScoreSystem.swift in Sources */,
				8A3C4DE2242F15DE0022FD59 /* LevelCreator.swift in Sources */,
				C6AC47692430B0C90078D5F1 /* GestureEntityComponent.swift in Sources */,
				8A5CE9B824187EBB00BEC4B9 /* GameStartState.swift in Sources */,
				8A5CE9BE24187F2300BEC4B9 /* SceneManager.swift in Sources */,
				8AAADE4B24191D8D00606298 /* TapResponder.swift in Sources */,
				4AA5B3762416C6BB008D4953 /* CGSize+resizeHelpers.swift in Sources */,
				4A8F0AA824191BBF00CD730B /* PlayerAreaNode.swift in Sources */,
				C6A99CF0241FCAD0003AE88A /* TimerEntity.swift in Sources */,
				4A768F1F24307EE7000F3F05 /* StackedLabelsNode.swift in Sources */,
				4AA5B3842417BA71008D4953 /* SKSpriteNode+helpers.swift in Sources */,
				4ACC8BDE2415324400F235AE /* ManaComponent.swift in Sources */,
				4A1B33392432615C00B67B91 /* AttractionEntity.swift in Sources */,
				566121DD24168ADC00475CE1 /* GestureComponent.swift in Sources */,
				4A09C50324300D8700CA7625 /* AchievementBadgeNode.swift in Sources */,
				4AA508CB2416170600D9ADE4 /* ArenaType.swift in Sources */,
				56EDD275242DC1EE0044B445 /* ScoreNode.swift in Sources */,
				8A712E8024235EB000B3824E /* PowerUpEntity.swift in Sources */,
				4ACC8BB12414C69800F235AE /* GameViewController.swift in Sources */,
				56FC8CFA2434393D00B6DBC9 /* FirebaseNetwork+Util.swift in Sources */,
				C6AFF687241A66360076F02B /* System.swift in Sources */,
				C6A99CF2241FCC2D003AE88A /* LabelComponent.swift in Sources */,
				4A09C4EC242E465200CA7625 /* GameMapScene.swift in Sources */,
				4A6213DC2430941000FABB48 /* AvatarOverviewNode.swift in Sources */,
				8A712E822423693200B3824E /* SpriteLayerType.swift in Sources */,
				4AA5B3822417B8D7008D4953 /* BarDividerNode.swift in Sources */,
				C6AFF67E24191A2A0076F02B /* SystemDelegate.swift in Sources */,
				C6B322EA241DFF4D001072AE /* Entity.swift in Sources */,
				4ACC8BD22414D57900F235AE /* SpriteComponent.swift in Sources */,
				565E032D2423CA31003B6C67 /* HellfirePowerUpEntity.swift in Sources */,
				C6AFF67B2419101B0076F02B /* GestureEntity.swift in Sources */,
				4A72EB4624200BE6005FA909 /* ButtonType.swift in Sources */,
				C6B322DE241BC7AB001072AE /* EntityType.swift in Sources */,
				C6AFF683241A5FC40076F02B /* GameMetaData.swift in Sources */,
				8AAE9C05241E42D700D29593 /* DroppedManaResponder.swift in Sources */,
				C6AC47672430B0380078D5F1 /* ParentEntityComponent.swift in Sources */,
				8A5CE9BC24187EE600BEC4B9 /* GameEndState.swift in Sources */,
				4A768F152430157F000F3F05 /* CancelNode.swift in Sources */,
				4A768F1B243022DA000F3F05 /* StageOverviewLabelNode.swift in Sources */,
				4A6213EC2430D19500FABB48 /* SelectedPowerUpResponder.swift in Sources */,
				4AA508D224161F3200D9ADE4 /* MoveBehavior.swift in Sources */,
				4AA508CD24161A1900D9ADE4 /* EnemyType.swift in Sources */,
				8A5CE9C52418874E00BEC4B9 /* GamePauseScene.swift in Sources */,
				4ACC8BA92414C69800F235AE /* AppDelegate.swift in Sources */,
				4A72EB442420061A005FA909 /* SummonNode.swift in Sources */,
				4A09C4F3242FC36300CA7625 /* Stage.swift in Sources */,
				4A768F112430148E000F3F05 /* StageSelectionNode.swift in Sources */,
				4AA5B3722416BB6B008D4953 /* HealthBarNode.swift in Sources */,
				561DB6EB2421CBCE005FA871 /* CircleGestureRecognizer.swift in Sources */,
				C6AC47652430AF290078D5F1 /* EnemyTypeComponent.swift in Sources */,
				8A2C033D242EF0B000A8EC96 /* EnemySpawnUnit.swift in Sources */,
				4AC87A4E241AC12700D79639 /* PowerUpIconNode.swift in Sources */,
				56FFE166241B5BDC00ED4D74 /* GestureAreaNode.swift in Sources */,
				8A5CE9C924189AC800BEC4B9 /* GameEndScene.swift in Sources */,
				8A712E7E242318C900B3824E /* DarkVortexPowerUpEntity.swift in Sources */,
				56D2A647242BBAAE00BDD5DC /* CollisionType.swift in Sources */,
				4AA5B37A2417625D008D4953 /* ManaBarNode.swift in Sources */,
				4A768F1924302079000F3F05 /* StageOverviewNode.swift in Sources */,
				4AA5B360241646DF008D4953 /* EndPointEntity.swift in Sources */,
				4A768F1D24307DC9000F3F05 /* StageOverviewDescriptionNode.swift in Sources */,
				4A768F172430173C000F3F05 /* PlayNode.swift in Sources */,
				4AA5B37E24176D00008D4953 /* UIColor+hexColorCodeInitializer.swift in Sources */,
				4AA5B36624165601008D4953 /* CGPoint+pointManipulationHelpers.swift in Sources */,
				4A6213E42430B61700FABB48 /* AvatarLabelNode.swift in Sources */,
				56EDD279242E58BA0044B445 /* TimerSystem.swift in Sources */,
				565E032F2423CC58003B6C67 /* IcePrisonPowerUpEntity.swift in Sources */,
				566121DB2416838000475CE1 /* CustomGesture.swift in Sources */,
				560DED9C242B902D00A6D9A6 /* ScoreComponent.swift in Sources */,
				8AAE9C07241E450300D29593 /* TextureContainer.swift in Sources */,
				4ACAF52B242A727F0062DDBA /* HomeViewController.swift in Sources */,
				4A09C4F8242FCBDD00CA7625 /* StageNode.swift in Sources */,
				563F3DED24171B4A009381B9 /* GameScene.swift in Sources */,
				8AAE9C01241E2DF300D29593 /* DroppedManaNode.swift in Sources */,
				C6AFF681241923410076F02B /* RemoveDelegate.swift in Sources */,
				56FC8CF4243426A800B6DBC9 /* NetworkModel.swift in Sources */,
				4A6213E22430A9BB00FABB48 /* PowerUpDescriptionNode.swift in Sources */,
			);
			runOnlyForDeploymentPostprocessing = 0;
		};
		4ACC8BBB2414C69B00F235AE /* Sources */ = {
			isa = PBXSourcesBuildPhase;
			buildActionMask = 2147483647;
			files = (
				4AB6BDF724278D840046F5AB /* ManaBarNodeTest.swift in Sources */,
				8A2C0342242EF19000A8EC96 /* EnemySpawnUnitTest.swift in Sources */,
				8A1EB6C62427900000CA6AC8 /* GameStateTest.swift in Sources */,
				8A76F9C4242FA9E100917D3F /* LevelCreatorTest.swift in Sources */,
				8A1EB6C4242782F700CA6AC8 /* GameStateMachineTest.swift in Sources */,
				C69B1D64242684B200D8D0D3 /* BaseUnitTest.swift in Sources */,
				C6AC476B2430BF670078D5F1 /* EnemyEntityTest.swift in Sources */,
				C69B1D662426855400D8D0D3 /* GameEngineTest.swift in Sources */,
				4AB6BDF5242789D80046F5AB /* HealthBarNodeTest.swift in Sources */,
				4A1B33372432397600B67B91 /* GeneratedMocks.swift in Sources */,
			);
			runOnlyForDeploymentPostprocessing = 0;
		};
/* End PBXSourcesBuildPhase section */

/* Begin PBXTargetDependency section */
		4ACC8BC12414C69B00F235AE /* PBXTargetDependency */ = {
			isa = PBXTargetDependency;
			target = 4ACC8BA42414C69800F235AE /* GameOfRunes */;
			targetProxy = 4ACC8BC02414C69B00F235AE /* PBXContainerItemProxy */;
		};
/* End PBXTargetDependency section */

/* Begin PBXVariantGroup section */
		4ACC8BB22414C69800F235AE /* Main.storyboard */ = {
			isa = PBXVariantGroup;
			children = (
				4ACC8BB32414C69800F235AE /* Base */,
			);
			name = Main.storyboard;
			sourceTree = "<group>";
		};
		4ACC8BB72414C69B00F235AE /* LaunchScreen.storyboard */ = {
			isa = PBXVariantGroup;
			children = (
				4ACC8BB82414C69B00F235AE /* Base */,
			);
			name = LaunchScreen.storyboard;
			sourceTree = "<group>";
		};
/* End PBXVariantGroup section */

/* Begin XCBuildConfiguration section */
		4ACC8BC62414C69B00F235AE /* Debug */ = {
			isa = XCBuildConfiguration;
			buildSettings = {
				ALWAYS_SEARCH_USER_PATHS = NO;
				CLANG_ANALYZER_NONNULL = YES;
				CLANG_ANALYZER_NUMBER_OBJECT_CONVERSION = YES_AGGRESSIVE;
				CLANG_CXX_LANGUAGE_STANDARD = "gnu++14";
				CLANG_CXX_LIBRARY = "libc++";
				CLANG_ENABLE_MODULES = YES;
				CLANG_ENABLE_OBJC_ARC = YES;
				CLANG_ENABLE_OBJC_WEAK = YES;
				CLANG_WARN_BLOCK_CAPTURE_AUTORELEASING = YES;
				CLANG_WARN_BOOL_CONVERSION = YES;
				CLANG_WARN_COMMA = YES;
				CLANG_WARN_CONSTANT_CONVERSION = YES;
				CLANG_WARN_DEPRECATED_OBJC_IMPLEMENTATIONS = YES;
				CLANG_WARN_DIRECT_OBJC_ISA_USAGE = YES_ERROR;
				CLANG_WARN_DOCUMENTATION_COMMENTS = YES;
				CLANG_WARN_EMPTY_BODY = YES;
				CLANG_WARN_ENUM_CONVERSION = YES;
				CLANG_WARN_INFINITE_RECURSION = YES;
				CLANG_WARN_INT_CONVERSION = YES;
				CLANG_WARN_NON_LITERAL_NULL_CONVERSION = YES;
				CLANG_WARN_OBJC_IMPLICIT_RETAIN_SELF = YES;
				CLANG_WARN_OBJC_LITERAL_CONVERSION = YES;
				CLANG_WARN_OBJC_ROOT_CLASS = YES_ERROR;
				CLANG_WARN_RANGE_LOOP_ANALYSIS = YES;
				CLANG_WARN_STRICT_PROTOTYPES = YES;
				CLANG_WARN_SUSPICIOUS_MOVE = YES;
				CLANG_WARN_UNGUARDED_AVAILABILITY = YES_AGGRESSIVE;
				CLANG_WARN_UNREACHABLE_CODE = YES;
				CLANG_WARN__DUPLICATE_METHOD_MATCH = YES;
				COPY_PHASE_STRIP = NO;
				DEBUG_INFORMATION_FORMAT = dwarf;
				ENABLE_STRICT_OBJC_MSGSEND = YES;
				ENABLE_TESTABILITY = YES;
				GCC_C_LANGUAGE_STANDARD = gnu11;
				GCC_DYNAMIC_NO_PIC = NO;
				GCC_NO_COMMON_BLOCKS = YES;
				GCC_OPTIMIZATION_LEVEL = 0;
				GCC_PREPROCESSOR_DEFINITIONS = (
					"DEBUG=1",
					"$(inherited)",
				);
				GCC_WARN_64_TO_32_BIT_CONVERSION = YES;
				GCC_WARN_ABOUT_RETURN_TYPE = YES_ERROR;
				GCC_WARN_UNDECLARED_SELECTOR = YES;
				GCC_WARN_UNINITIALIZED_AUTOS = YES_AGGRESSIVE;
				GCC_WARN_UNUSED_FUNCTION = YES;
				GCC_WARN_UNUSED_VARIABLE = YES;
				IPHONEOS_DEPLOYMENT_TARGET = 13.2;
				LD_RUNPATH_SEARCH_PATHS = "";
				LIBRARY_SEARCH_PATHS = "";
				MTL_ENABLE_DEBUG_INFO = INCLUDE_SOURCE;
				MTL_FAST_MATH = YES;
				ONLY_ACTIVE_ARCH = YES;
				SDKROOT = iphoneos;
				SWIFT_ACTIVE_COMPILATION_CONDITIONS = DEBUG;
				SWIFT_OPTIMIZATION_LEVEL = "-Onone";
			};
			name = Debug;
		};
		4ACC8BC72414C69B00F235AE /* Release */ = {
			isa = XCBuildConfiguration;
			buildSettings = {
				ALWAYS_SEARCH_USER_PATHS = NO;
				CLANG_ANALYZER_NONNULL = YES;
				CLANG_ANALYZER_NUMBER_OBJECT_CONVERSION = YES_AGGRESSIVE;
				CLANG_CXX_LANGUAGE_STANDARD = "gnu++14";
				CLANG_CXX_LIBRARY = "libc++";
				CLANG_ENABLE_MODULES = YES;
				CLANG_ENABLE_OBJC_ARC = YES;
				CLANG_ENABLE_OBJC_WEAK = YES;
				CLANG_WARN_BLOCK_CAPTURE_AUTORELEASING = YES;
				CLANG_WARN_BOOL_CONVERSION = YES;
				CLANG_WARN_COMMA = YES;
				CLANG_WARN_CONSTANT_CONVERSION = YES;
				CLANG_WARN_DEPRECATED_OBJC_IMPLEMENTATIONS = YES;
				CLANG_WARN_DIRECT_OBJC_ISA_USAGE = YES_ERROR;
				CLANG_WARN_DOCUMENTATION_COMMENTS = YES;
				CLANG_WARN_EMPTY_BODY = YES;
				CLANG_WARN_ENUM_CONVERSION = YES;
				CLANG_WARN_INFINITE_RECURSION = YES;
				CLANG_WARN_INT_CONVERSION = YES;
				CLANG_WARN_NON_LITERAL_NULL_CONVERSION = YES;
				CLANG_WARN_OBJC_IMPLICIT_RETAIN_SELF = YES;
				CLANG_WARN_OBJC_LITERAL_CONVERSION = YES;
				CLANG_WARN_OBJC_ROOT_CLASS = YES_ERROR;
				CLANG_WARN_RANGE_LOOP_ANALYSIS = YES;
				CLANG_WARN_STRICT_PROTOTYPES = YES;
				CLANG_WARN_SUSPICIOUS_MOVE = YES;
				CLANG_WARN_UNGUARDED_AVAILABILITY = YES_AGGRESSIVE;
				CLANG_WARN_UNREACHABLE_CODE = YES;
				CLANG_WARN__DUPLICATE_METHOD_MATCH = YES;
				COPY_PHASE_STRIP = NO;
				DEBUG_INFORMATION_FORMAT = "dwarf-with-dsym";
				ENABLE_NS_ASSERTIONS = NO;
				ENABLE_STRICT_OBJC_MSGSEND = YES;
				GCC_C_LANGUAGE_STANDARD = gnu11;
				GCC_NO_COMMON_BLOCKS = YES;
				GCC_WARN_64_TO_32_BIT_CONVERSION = YES;
				GCC_WARN_ABOUT_RETURN_TYPE = YES_ERROR;
				GCC_WARN_UNDECLARED_SELECTOR = YES;
				GCC_WARN_UNINITIALIZED_AUTOS = YES_AGGRESSIVE;
				GCC_WARN_UNUSED_FUNCTION = YES;
				GCC_WARN_UNUSED_VARIABLE = YES;
				IPHONEOS_DEPLOYMENT_TARGET = 13.2;
				LD_RUNPATH_SEARCH_PATHS = "";
				LIBRARY_SEARCH_PATHS = "";
				MTL_ENABLE_DEBUG_INFO = NO;
				MTL_FAST_MATH = YES;
				SDKROOT = iphoneos;
				SWIFT_COMPILATION_MODE = wholemodule;
				SWIFT_OPTIMIZATION_LEVEL = "-O";
				VALIDATE_PRODUCT = YES;
			};
			name = Release;
		};
		4ACC8BC92414C69B00F235AE /* Debug */ = {
			isa = XCBuildConfiguration;
			baseConfigurationReference = 9C9A0713B30729DD96A75248 /* Pods-GameOfRunes.debug.xcconfig */;
			buildSettings = {
				ASSETCATALOG_COMPILER_APPICON_NAME = AppIcon;
				CODE_SIGN_STYLE = Automatic;
				DEVELOPMENT_TEAM = 8W4BRGAG73;
				INFOPLIST_FILE = GameOfRunes/Info.plist;
				LD_RUNPATH_SEARCH_PATHS = (
					"$(inherited)",
					"@executable_path/Frameworks",
				);
				PRODUCT_BUNDLE_IDENTIFIER = com.andyylam.GameOfRunes;
				PRODUCT_NAME = GameOfRunes;
				SWIFT_VERSION = 5.0;
				TARGETED_DEVICE_FAMILY = 2;
			};
			name = Debug;
		};
		4ACC8BCA2414C69B00F235AE /* Release */ = {
			isa = XCBuildConfiguration;
			baseConfigurationReference = A285CDA71199A45E87E61E24 /* Pods-GameOfRunes.release.xcconfig */;
			buildSettings = {
				ASSETCATALOG_COMPILER_APPICON_NAME = AppIcon;
				CODE_SIGN_STYLE = Automatic;
				DEVELOPMENT_TEAM = 8W4BRGAG73;
				INFOPLIST_FILE = GameOfRunes/Info.plist;
				LD_RUNPATH_SEARCH_PATHS = (
					"$(inherited)",
					"@executable_path/Frameworks",
				);
				PRODUCT_BUNDLE_IDENTIFIER = com.andyylam.GameOfRunes;
				PRODUCT_NAME = GameOfRunes;
				SWIFT_VERSION = 5.0;
				TARGETED_DEVICE_FAMILY = 2;
			};
			name = Release;
		};
		4ACC8BCC2414C69B00F235AE /* Debug */ = {
			isa = XCBuildConfiguration;
			baseConfigurationReference = 6C5C802F7ABE04422FCADC58 /* Pods-GameOfRunesTests.debug.xcconfig */;
			buildSettings = {
				ALWAYS_EMBED_SWIFT_STANDARD_LIBRARIES = YES;
				BUNDLE_LOADER = "$(TEST_HOST)";
				"CODE_SIGN_IDENTITY[sdk=macosx*]" = "Apple Development";
				CODE_SIGN_STYLE = Automatic;
				DEVELOPMENT_TEAM = 8W4BRGAG73;
				INFOPLIST_FILE = GameOfRunesTests/Info.plist;
				IPHONEOS_DEPLOYMENT_TARGET = 13.2;
				LD_RUNPATH_SEARCH_PATHS = (
					"$(inherited)",
					"@executable_path/Frameworks",
					"@loader_path/Frameworks",
				);
				PRODUCT_BUNDLE_IDENTIFIER = com.TeamHoWan.GameOfRunesTests;
				PRODUCT_NAME = "$(TARGET_NAME)";
				SWIFT_VERSION = 5.0;
				TARGETED_DEVICE_FAMILY = "1,2";
				TEST_HOST = "$(BUILT_PRODUCTS_DIR)/GameOfRunes.app/GameOfRunes";
			};
			name = Debug;
		};
		4ACC8BCD2414C69B00F235AE /* Release */ = {
			isa = XCBuildConfiguration;
			baseConfigurationReference = EF30F92E2B56F93B5C6D166B /* Pods-GameOfRunesTests.release.xcconfig */;
			buildSettings = {
				ALWAYS_EMBED_SWIFT_STANDARD_LIBRARIES = YES;
				BUNDLE_LOADER = "$(TEST_HOST)";
				"CODE_SIGN_IDENTITY[sdk=macosx*]" = "Apple Development";
				CODE_SIGN_STYLE = Automatic;
				DEVELOPMENT_TEAM = 8W4BRGAG73;
				INFOPLIST_FILE = GameOfRunesTests/Info.plist;
				IPHONEOS_DEPLOYMENT_TARGET = 13.2;
				LD_RUNPATH_SEARCH_PATHS = (
					"$(inherited)",
					"@executable_path/Frameworks",
					"@loader_path/Frameworks",
				);
				PRODUCT_BUNDLE_IDENTIFIER = com.TeamHoWan.GameOfRunesTests;
				PRODUCT_NAME = "$(TARGET_NAME)";
				SWIFT_VERSION = 5.0;
				TARGETED_DEVICE_FAMILY = "1,2";
				TEST_HOST = "$(BUILT_PRODUCTS_DIR)/GameOfRunes.app/GameOfRunes";
			};
			name = Release;
		};
/* End XCBuildConfiguration section */

/* Begin XCConfigurationList section */
		4ACC8BA02414C69800F235AE /* Build configuration list for PBXProject "GameOfRunes" */ = {
			isa = XCConfigurationList;
			buildConfigurations = (
				4ACC8BC62414C69B00F235AE /* Debug */,
				4ACC8BC72414C69B00F235AE /* Release */,
			);
			defaultConfigurationIsVisible = 0;
			defaultConfigurationName = Release;
		};
		4ACC8BC82414C69B00F235AE /* Build configuration list for PBXNativeTarget "GameOfRunes" */ = {
			isa = XCConfigurationList;
			buildConfigurations = (
				4ACC8BC92414C69B00F235AE /* Debug */,
				4ACC8BCA2414C69B00F235AE /* Release */,
			);
			defaultConfigurationIsVisible = 0;
			defaultConfigurationName = Release;
		};
		4ACC8BCB2414C69B00F235AE /* Build configuration list for PBXNativeTarget "GameOfRunesTests" */ = {
			isa = XCConfigurationList;
			buildConfigurations = (
				4ACC8BCC2414C69B00F235AE /* Debug */,
				4ACC8BCD2414C69B00F235AE /* Release */,
			);
			defaultConfigurationIsVisible = 0;
			defaultConfigurationName = Release;
		};
/* End XCConfigurationList section */
	};
	rootObject = 4ACC8B9D2414C69800F235AE /* Project object */;
}
